// !$*UTF8*$!
{
	archiveVersion = 1;
	classes = {
	};
	objectVersion = 77;
	objects = {

/* Begin PBXBuildFile section */
		5405CF5E2EA1199B00613856 /* MetaInfo.swift in Sources */ = {isa = PBXBuildFile; fileRef = 5405CF5D2EA1199B00613856 /* MetaInfo.swift */; };
		5405CF652EA1376B00613856 /* Zip.swift in Sources */ = {isa = PBXBuildFile; fileRef = 5405CF642EA1376B00613856 /* Zip.swift */; };
		5412DECE2EBC168600F9040D /* Preview+ArchiveInfo.swift in Sources */ = {isa = PBXBuildFile; fileRef = 5412DECD2EBC168600F9040D /* Preview+ArchiveInfo.swift */; };
		543FE5742EB3BB5E0059F98B /* AppIcon.icns in Resources */ = {isa = PBXBuildFile; fileRef = 543FE5732EB3BB5E0059F98B /* AppIcon.icns */; };
		54442C232E378BAF008A870E /* Quartz.framework in Frameworks */ = {isa = PBXBuildFile; fileRef = 54442C222E378BAF008A870E /* Quartz.framework */; };
		54442C702E378BDD008A870E /* AppDelegate.swift in Sources */ = {isa = PBXBuildFile; fileRef = 54442C6A2E378BDD008A870E /* AppDelegate.swift */; };
		54442C722E378BDD008A870E /* MainMenu.xib in Resources */ = {isa = PBXBuildFile; fileRef = 54442C6D2E378BDD008A870E /* MainMenu.xib */; };
		54442C792E378BE0008A870E /* PreviewViewController.swift in Sources */ = {isa = PBXBuildFile; fileRef = 54442C742E378BE0008A870E /* PreviewViewController.swift */; };
		54442C7B2E378BE0008A870E /* PreviewViewController.xib in Resources */ = {isa = PBXBuildFile; fileRef = 54442C762E378BE0008A870E /* PreviewViewController.xib */; };
		545459C42EA469E4002892E5 /* defaultIcon.png in Resources */ = {isa = PBXBuildFile; fileRef = 54D3A6F22EA4603B001EF4F6 /* defaultIcon.png */; };
		545459C52EA469EA002892E5 /* template.html in Resources */ = {isa = PBXBuildFile; fileRef = 54D3A6F32EA4603B001EF4F6 /* template.html */; };
		54581FD12EB29A0B0043A0B3 /* QuickLookThumbnailing.framework in Frameworks */ = {isa = PBXBuildFile; fileRef = 54581FD02EB29A0B0043A0B3 /* QuickLookThumbnailing.framework */; };
		54581FD22EB29A0B0043A0B3 /* Quartz.framework in Frameworks */ = {isa = PBXBuildFile; fileRef = 54442C222E378BAF008A870E /* Quartz.framework */; };
		54581FDA2EB29A0B0043A0B3 /* QLAppBundle Thumbnail Extension.appex in Embed Foundation Extensions */ = {isa = PBXBuildFile; fileRef = 54581FCF2EB29A0B0043A0B3 /* QLAppBundle Thumbnail Extension.appex */; settings = {ATTRIBUTES = (RemoveHeadersOnCopy, ); }; };
		545820232EB29B4C0043A0B3 /* defaultIcon.png in Resources */ = {isa = PBXBuildFile; fileRef = 54D3A6F22EA4603B001EF4F6 /* defaultIcon.png */; };
		5469E11D2EA5930C00D46CE7 /* Entitlements.swift in Sources */ = {isa = PBXBuildFile; fileRef = 5469E11C2EA5930C00D46CE7 /* Entitlements.swift */; };
		547899712EB38F3D00F96B80 /* Zip.swift in Sources */ = {isa = PBXBuildFile; fileRef = 5405CF642EA1376B00613856 /* Zip.swift */; };
		547899722EB38F3D00F96B80 /* MetaInfo.swift in Sources */ = {isa = PBXBuildFile; fileRef = 5405CF5D2EA1199B00613856 /* MetaInfo.swift */; };
		547899732EB38F3D00F96B80 /* NSBezierPath+RoundedRect.swift in Sources */ = {isa = PBXBuildFile; fileRef = 54D3A6EF2EA3F49F001EF4F6 /* NSBezierPath+RoundedRect.swift */; };
		547899752EB38F3D00F96B80 /* AppIcon.swift in Sources */ = {isa = PBXBuildFile; fileRef = 54D3A6ED2EA39CC6001EF4F6 /* AppIcon.swift */; };
		547F52DE2EB2C15D002B6D5F /* ExpirationStatus.swift in Sources */ = {isa = PBXBuildFile; fileRef = 547F52DC2EB2C15D002B6D5F /* ExpirationStatus.swift */; };
		547F52E42EB2C3D8002B6D5F /* Preview+iTunesPurchase.swift in Sources */ = {isa = PBXBuildFile; fileRef = 547F52E32EB2C3D8002B6D5F /* Preview+iTunesPurchase.swift */; };
		547F52E82EB2C41C002B6D5F /* PreviewGenerator.swift in Sources */ = {isa = PBXBuildFile; fileRef = 547F52E62EB2C41C002B6D5F /* PreviewGenerator.swift */; };
		547F52EB2EB2C672002B6D5F /* Preview+FileInfo.swift in Sources */ = {isa = PBXBuildFile; fileRef = 547F52E92EB2C672002B6D5F /* Preview+FileInfo.swift */; };
		547F52ED2EB2C822002B6D5F /* Preview+AppInfo.swift in Sources */ = {isa = PBXBuildFile; fileRef = 547F52EC2EB2C822002B6D5F /* Preview+AppInfo.swift */; };
		547F52EF2EB2C8E8002B6D5F /* Preview+Provisioning.swift in Sources */ = {isa = PBXBuildFile; fileRef = 547F52EE2EB2C8E8002B6D5F /* Preview+Provisioning.swift */; };
		547F52F42EB2CA05002B6D5F /* Preview+Entitlements.swift in Sources */ = {isa = PBXBuildFile; fileRef = 547F52F32EB2CA05002B6D5F /* Preview+Entitlements.swift */; };
		547F52F72EB2CAC7002B6D5F /* Preview+Footer.swift in Sources */ = {isa = PBXBuildFile; fileRef = 547F52F62EB2CAC7002B6D5F /* Preview+Footer.swift */; };
		547F52F92EB2CBAB002B6D5F /* Date+Format.swift in Sources */ = {isa = PBXBuildFile; fileRef = 547F52F82EB2CBAB002B6D5F /* Date+Format.swift */; };
		549E3B9F2EBA9D2500ADFF56 /* QLAppBundle Preview Extension.appex in Embed Foundation Extensions */ = {isa = PBXBuildFile; fileRef = 54442C202E378BAF008A870E /* QLAppBundle Preview Extension.appex */; settings = {ATTRIBUTES = (RemoveHeadersOnCopy, ); }; };
		549E3BA12EBAE7D300ADFF56 /* URL+File.swift in Sources */ = {isa = PBXBuildFile; fileRef = 549E3BA02EBAE7D300ADFF56 /* URL+File.swift */; };
		549E3BA22EBAECD400ADFF56 /* URL+File.swift in Sources */ = {isa = PBXBuildFile; fileRef = 549E3BA02EBAE7D300ADFF56 /* URL+File.swift */; };
		549E3BA42EBC021500ADFF56 /* Preview+TransportSecurity.swift in Sources */ = {isa = PBXBuildFile; fileRef = 549E3BA32EBC021500ADFF56 /* Preview+TransportSecurity.swift */; };
		54AE5BFF2EB3DB1000B4CFC7 /* ThumbnailProvider.swift in Sources */ = {isa = PBXBuildFile; fileRef = 54AE5BFD2EB3DB1000B4CFC7 /* ThumbnailProvider.swift */; };
		54B6FFEE2EB6A847007397C0 /* AssetCarReader.swift in Sources */ = {isa = PBXBuildFile; fileRef = 54B6FFEC2EB6A847007397C0 /* AssetCarReader.swift */; };
		54B6FFEF2EB6A8E0007397C0 /* CoreUI.framework in Frameworks */ = {isa = PBXBuildFile; fileRef = 54D3A6F52EA4610B001EF4F6 /* CoreUI.framework */; };
		54B6FFF02EB6AA0F007397C0 /* AssetCarReader.framework in Frameworks */ = {isa = PBXBuildFile; fileRef = 54352E8A2EB6A79A0082F61D /* AssetCarReader.framework */; };
		54B6FFF12EB6AA0F007397C0 /* AssetCarReader.framework in Embed Frameworks */ = {isa = PBXBuildFile; fileRef = 54352E8A2EB6A79A0082F61D /* AssetCarReader.framework */; settings = {ATTRIBUTES = (CodeSignOnCopy, RemoveHeadersOnCopy, ); }; };
		54B6FFF52EB6AA14007397C0 /* AssetCarReader.framework in Frameworks */ = {isa = PBXBuildFile; fileRef = 54352E8A2EB6A79A0082F61D /* AssetCarReader.framework */; };
		54B6FFF62EB6AA14007397C0 /* AssetCarReader.framework in Embed Frameworks */ = {isa = PBXBuildFile; fileRef = 54352E8A2EB6A79A0082F61D /* AssetCarReader.framework */; settings = {ATTRIBUTES = (CodeSignOnCopy, RemoveHeadersOnCopy, ); }; };
		54D3A6EC2EA31B52001EF4F6 /* AppCategories.swift in Sources */ = {isa = PBXBuildFile; fileRef = 54D3A6EB2EA31B52001EF4F6 /* AppCategories.swift */; };
		54D3A6EE2EA39CC6001EF4F6 /* AppIcon.swift in Sources */ = {isa = PBXBuildFile; fileRef = 54D3A6ED2EA39CC6001EF4F6 /* AppIcon.swift */; };
		54D3A6F02EA3F49F001EF4F6 /* NSBezierPath+RoundedRect.swift in Sources */ = {isa = PBXBuildFile; fileRef = 54D3A6EF2EA3F49F001EF4F6 /* NSBezierPath+RoundedRect.swift */; };
		54D3A6FE2EA465B4001EF4F6 /* CoreGraphics.framework in Frameworks */ = {isa = PBXBuildFile; fileRef = 54D3A6FA2EA46588001EF4F6 /* CoreGraphics.framework */; };
		54E0875A2EB15DD000979D91 /* style.css in Resources */ = {isa = PBXBuildFile; fileRef = 54E087592EB15DD000979D91 /* style.css */; };
/* End PBXBuildFile section */

/* Begin PBXContainerItemProxy section */
		54442C2E2E378BAF008A870E /* PBXContainerItemProxy */ = {
			isa = PBXContainerItemProxy;
			containerPortal = 54442BEC2E378B71008A870E /* Project object */;
			proxyType = 1;
			remoteGlobalIDString = 54442C1F2E378BAF008A870E;
			remoteInfo = QLPreview;
		};
		54581FD82EB29A0B0043A0B3 /* PBXContainerItemProxy */ = {
			isa = PBXContainerItemProxy;
			containerPortal = 54442BEC2E378B71008A870E /* Project object */;
			proxyType = 1;
			remoteGlobalIDString = 54581FCE2EB29A0B0043A0B3;
			remoteInfo = QLThumbnail;
		};
		54B6FFF22EB6AA0F007397C0 /* PBXContainerItemProxy */ = {
			isa = PBXContainerItemProxy;
			containerPortal = 54442BEC2E378B71008A870E /* Project object */;
			proxyType = 1;
			remoteGlobalIDString = 54352E892EB6A79A0082F61D;
			remoteInfo = AssetCarReader;
		};
		54B6FFF72EB6AA14007397C0 /* PBXContainerItemProxy */ = {
			isa = PBXContainerItemProxy;
			containerPortal = 54442BEC2E378B71008A870E /* Project object */;
			proxyType = 1;
			remoteGlobalIDString = 54352E892EB6A79A0082F61D;
			remoteInfo = AssetCarReader;
		};
/* End PBXContainerItemProxy section */

/* Begin PBXCopyFilesBuildPhase section */
		54442C312E378BAF008A870E /* Embed Foundation Extensions */ = {
			isa = PBXCopyFilesBuildPhase;
			buildActionMask = 2147483647;
			dstPath = "";
			dstSubfolderSpec = 13;
			files = (
				549E3B9F2EBA9D2500ADFF56 /* QLAppBundle Preview Extension.appex in Embed Foundation Extensions */,
				54581FDA2EB29A0B0043A0B3 /* QLAppBundle Thumbnail Extension.appex in Embed Foundation Extensions */,
			);
			name = "Embed Foundation Extensions";
			runOnlyForDeploymentPostprocessing = 0;
		};
		54B6FFF42EB6AA0F007397C0 /* Embed Frameworks */ = {
			isa = PBXCopyFilesBuildPhase;
			buildActionMask = 2147483647;
			dstPath = "";
			dstSubfolderSpec = 10;
			files = (
				54B6FFF12EB6AA0F007397C0 /* AssetCarReader.framework in Embed Frameworks */,
			);
			name = "Embed Frameworks";
			runOnlyForDeploymentPostprocessing = 0;
		};
		54B6FFF92EB6AA14007397C0 /* Embed Frameworks */ = {
			isa = PBXCopyFilesBuildPhase;
			buildActionMask = 2147483647;
			dstPath = "";
			dstSubfolderSpec = 10;
			files = (
				54B6FFF62EB6AA14007397C0 /* AssetCarReader.framework in Embed Frameworks */,
			);
			name = "Embed Frameworks";
			runOnlyForDeploymentPostprocessing = 0;
		};
/* End PBXCopyFilesBuildPhase section */

/* Begin PBXFileReference section */
		5405CF5D2EA1199B00613856 /* MetaInfo.swift */ = {isa = PBXFileReference; lastKnownFileType = sourcecode.swift; path = MetaInfo.swift; sourceTree = "<group>"; };
		5405CF642EA1376B00613856 /* Zip.swift */ = {isa = PBXFileReference; lastKnownFileType = sourcecode.swift; path = Zip.swift; sourceTree = "<group>"; };
		5412DECD2EBC168600F9040D /* Preview+ArchiveInfo.swift */ = {isa = PBXFileReference; lastKnownFileType = sourcecode.swift; path = "Preview+ArchiveInfo.swift"; sourceTree = "<group>"; };
		54352E8A2EB6A79A0082F61D /* AssetCarReader.framework */ = {isa = PBXFileReference; explicitFileType = wrapper.framework; includeInIndex = 0; path = AssetCarReader.framework; sourceTree = BUILT_PRODUCTS_DIR; };
		543FE5732EB3BB5E0059F98B /* AppIcon.icns */ = {isa = PBXFileReference; lastKnownFileType = image.icns; path = AppIcon.icns; sourceTree = "<group>"; };
		543FE5752EB3BC740059F98B /* Info.plist */ = {isa = PBXFileReference; lastKnownFileType = text.plist.xml; path = Info.plist; sourceTree = "<group>"; };
		54442BF42E378B71008A870E /* QLAppBundle (debug).app */ = {isa = PBXFileReference; explicitFileType = wrapper.application; includeInIndex = 0; path = "QLAppBundle (debug).app"; sourceTree = BUILT_PRODUCTS_DIR; };
		54442C202E378BAF008A870E /* QLAppBundle Preview Extension.appex */ = {isa = PBXFileReference; explicitFileType = "wrapper.app-extension"; includeInIndex = 0; path = "QLAppBundle Preview Extension.appex"; sourceTree = BUILT_PRODUCTS_DIR; };
		54442C222E378BAF008A870E /* Quartz.framework */ = {isa = PBXFileReference; lastKnownFileType = wrapper.framework; name = Quartz.framework; path = System/Library/Frameworks/Quartz.framework; sourceTree = SDKROOT; };
		54442C6A2E378BDD008A870E /* AppDelegate.swift */ = {isa = PBXFileReference; lastKnownFileType = sourcecode.swift; path = AppDelegate.swift; sourceTree = "<group>"; };
		54442C6C2E378BDD008A870E /* Base */ = {isa = PBXFileReference; lastKnownFileType = file.xib; name = Base; path = Base.lproj/MainMenu.xib; sourceTree = "<group>"; };
		54442C732E378BE0008A870E /* Info.plist */ = {isa = PBXFileReference; lastKnownFileType = text.plist.xml; path = Info.plist; sourceTree = "<group>"; };
		54442C742E378BE0008A870E /* PreviewViewController.swift */ = {isa = PBXFileReference; lastKnownFileType = sourcecode.swift; path = PreviewViewController.swift; sourceTree = "<group>"; };
		54442C752E378BE0008A870E /* Base */ = {isa = PBXFileReference; lastKnownFileType = file.xib; name = Base; path = Base.lproj/PreviewViewController.xib; sourceTree = "<group>"; };
		544AF3682EB6AAC0006837F2 /* AssetCarReader.xcconfig */ = {isa = PBXFileReference; lastKnownFileType = text.xcconfig; path = AssetCarReader.xcconfig; sourceTree = "<group>"; };
		54581FCF2EB29A0B0043A0B3 /* QLAppBundle Thumbnail Extension.appex */ = {isa = PBXFileReference; explicitFileType = "wrapper.app-extension"; includeInIndex = 0; path = "QLAppBundle Thumbnail Extension.appex"; sourceTree = BUILT_PRODUCTS_DIR; };
		54581FD02EB29A0B0043A0B3 /* QuickLookThumbnailing.framework */ = {isa = PBXFileReference; lastKnownFileType = wrapper.framework; name = QuickLookThumbnailing.framework; path = System/Library/Frameworks/QuickLookThumbnailing.framework; sourceTree = SDKROOT; };
		545D9F3D2EB54C6200C38917 /* Config.xcconfig */ = {isa = PBXFileReference; lastKnownFileType = text.xcconfig; path = Config.xcconfig; sourceTree = "<group>"; };
		5469E11C2EA5930C00D46CE7 /* Entitlements.swift */ = {isa = PBXFileReference; lastKnownFileType = sourcecode.swift; path = Entitlements.swift; sourceTree = "<group>"; };
		547F52DC2EB2C15D002B6D5F /* ExpirationStatus.swift */ = {isa = PBXFileReference; lastKnownFileType = sourcecode.swift; path = ExpirationStatus.swift; sourceTree = "<group>"; };
		547F52E32EB2C3D8002B6D5F /* Preview+iTunesPurchase.swift */ = {isa = PBXFileReference; lastKnownFileType = sourcecode.swift; path = "Preview+iTunesPurchase.swift"; sourceTree = "<group>"; };
		547F52E62EB2C41C002B6D5F /* PreviewGenerator.swift */ = {isa = PBXFileReference; lastKnownFileType = sourcecode.swift; path = PreviewGenerator.swift; sourceTree = "<group>"; };
		547F52E92EB2C672002B6D5F /* Preview+FileInfo.swift */ = {isa = PBXFileReference; lastKnownFileType = sourcecode.swift; path = "Preview+FileInfo.swift"; sourceTree = "<group>"; };
		547F52EC2EB2C822002B6D5F /* Preview+AppInfo.swift */ = {isa = PBXFileReference; lastKnownFileType = sourcecode.swift; path = "Preview+AppInfo.swift"; sourceTree = "<group>"; };
		547F52EE2EB2C8E8002B6D5F /* Preview+Provisioning.swift */ = {isa = PBXFileReference; lastKnownFileType = sourcecode.swift; path = "Preview+Provisioning.swift"; sourceTree = "<group>"; };
		547F52F32EB2CA05002B6D5F /* Preview+Entitlements.swift */ = {isa = PBXFileReference; lastKnownFileType = sourcecode.swift; path = "Preview+Entitlements.swift"; sourceTree = "<group>"; };
		547F52F62EB2CAC7002B6D5F /* Preview+Footer.swift */ = {isa = PBXFileReference; lastKnownFileType = sourcecode.swift; path = "Preview+Footer.swift"; sourceTree = "<group>"; };
		547F52F82EB2CBAB002B6D5F /* Date+Format.swift */ = {isa = PBXFileReference; lastKnownFileType = sourcecode.swift; path = "Date+Format.swift"; sourceTree = "<group>"; };
		547F52FB2EB37F10002B6D5F /* README.md */ = {isa = PBXFileReference; lastKnownFileType = net.daringfireball.markdown; path = README.md; sourceTree = "<group>"; };
		547F52FC2EB37F3A002B6D5F /* LICENSE */ = {isa = PBXFileReference; lastKnownFileType = text; path = LICENSE; sourceTree = "<group>"; };
		549E3B9E2EBA8FDA00ADFF56 /* CHANGELOG.md */ = {isa = PBXFileReference; lastKnownFileType = net.daringfireball.markdown; path = CHANGELOG.md; sourceTree = "<group>"; };
		549E3BA02EBAE7D300ADFF56 /* URL+File.swift */ = {isa = PBXFileReference; lastKnownFileType = sourcecode.swift; path = "URL+File.swift"; sourceTree = "<group>"; };
		549E3BA32EBC021500ADFF56 /* Preview+TransportSecurity.swift */ = {isa = PBXFileReference; lastKnownFileType = sourcecode.swift; path = "Preview+TransportSecurity.swift"; sourceTree = "<group>"; };
		54AE5BFB2EB3DB1000B4CFC7 /* Info.plist */ = {isa = PBXFileReference; lastKnownFileType = text.plist.xml; path = Info.plist; sourceTree = "<group>"; };
		54AE5BFD2EB3DB1000B4CFC7 /* ThumbnailProvider.swift */ = {isa = PBXFileReference; lastKnownFileType = sourcecode.swift; path = ThumbnailProvider.swift; sourceTree = "<group>"; };
		54B6FFEC2EB6A847007397C0 /* AssetCarReader.swift */ = {isa = PBXFileReference; lastKnownFileType = sourcecode.swift; path = AssetCarReader.swift; sourceTree = "<group>"; };
		54D3A6EB2EA31B52001EF4F6 /* AppCategories.swift */ = {isa = PBXFileReference; lastKnownFileType = sourcecode.swift; path = AppCategories.swift; sourceTree = "<group>"; };
		54D3A6ED2EA39CC6001EF4F6 /* AppIcon.swift */ = {isa = PBXFileReference; lastKnownFileType = sourcecode.swift; path = AppIcon.swift; sourceTree = "<group>"; };
		54D3A6EF2EA3F49F001EF4F6 /* NSBezierPath+RoundedRect.swift */ = {isa = PBXFileReference; lastKnownFileType = sourcecode.swift; path = "NSBezierPath+RoundedRect.swift"; sourceTree = "<group>"; };
		54D3A6F22EA4603B001EF4F6 /* defaultIcon.png */ = {isa = PBXFileReference; lastKnownFileType = image.png; path = defaultIcon.png; sourceTree = "<group>"; };
		54D3A6F32EA4603B001EF4F6 /* template.html */ = {isa = PBXFileReference; lastKnownFileType = text.html; path = template.html; sourceTree = "<group>"; };
		54D3A6F52EA4610B001EF4F6 /* CoreUI.framework */ = {isa = PBXFileReference; lastKnownFileType = wrapper.framework; path = CoreUI.framework; sourceTree = "<group>"; };
		54D3A6FA2EA46588001EF4F6 /* CoreGraphics.framework */ = {isa = PBXFileReference; lastKnownFileType = wrapper.framework; name = CoreGraphics.framework; path = System/Library/Frameworks/CoreGraphics.framework; sourceTree = SDKROOT; };
		54E087592EB15DD000979D91 /* style.css */ = {isa = PBXFileReference; lastKnownFileType = text.css; path = style.css; sourceTree = "<group>"; };
		54EA9EB22EB6CCA300AB6027 /* Config-debug.xcconfig */ = {isa = PBXFileReference; lastKnownFileType = text.xcconfig; path = "Config-debug.xcconfig"; sourceTree = "<group>"; };
/* End PBXFileReference section */

/* Begin PBXFrameworksBuildPhase section */
		54352E872EB6A79A0082F61D /* Frameworks */ = {
			isa = PBXFrameworksBuildPhase;
			buildActionMask = 2147483647;
			files = (
				54B6FFEF2EB6A8E0007397C0 /* CoreUI.framework in Frameworks */,
			);
			runOnlyForDeploymentPostprocessing = 0;
		};
		54442BF12E378B71008A870E /* Frameworks */ = {
			isa = PBXFrameworksBuildPhase;
			buildActionMask = 2147483647;
			files = (
			);
			runOnlyForDeploymentPostprocessing = 0;
		};
		54442C1D2E378BAF008A870E /* Frameworks */ = {
			isa = PBXFrameworksBuildPhase;
			buildActionMask = 2147483647;
			files = (
				54B6FFF02EB6AA0F007397C0 /* AssetCarReader.framework in Frameworks */,
				54D3A6FE2EA465B4001EF4F6 /* CoreGraphics.framework in Frameworks */,
				54442C232E378BAF008A870E /* Quartz.framework in Frameworks */,
			);
			runOnlyForDeploymentPostprocessing = 0;
		};
		54581FCC2EB29A0B0043A0B3 /* Frameworks */ = {
			isa = PBXFrameworksBuildPhase;
			buildActionMask = 2147483647;
			files = (
				54B6FFF52EB6AA14007397C0 /* AssetCarReader.framework in Frameworks */,
				54581FD12EB29A0B0043A0B3 /* QuickLookThumbnailing.framework in Frameworks */,
				54581FD22EB29A0B0043A0B3 /* Quartz.framework in Frameworks */,
			);
			runOnlyForDeploymentPostprocessing = 0;
		};
/* End PBXFrameworksBuildPhase section */

/* Begin PBXGroup section */
		541051562E37AFC10083670B /* src */ = {
			isa = PBXGroup;
			children = (
				5405CF5D2EA1199B00613856 /* MetaInfo.swift */,
				54D3A6EB2EA31B52001EF4F6 /* AppCategories.swift */,
				54D3A6ED2EA39CC6001EF4F6 /* AppIcon.swift */,
				5469E11C2EA5930C00D46CE7 /* Entitlements.swift */,
				547F52DC2EB2C15D002B6D5F /* ExpirationStatus.swift */,
				547F52E62EB2C41C002B6D5F /* PreviewGenerator.swift */,
				547F52EC2EB2C822002B6D5F /* Preview+AppInfo.swift */,
				5412DECD2EBC168600F9040D /* Preview+ArchiveInfo.swift */,
				547F52E32EB2C3D8002B6D5F /* Preview+iTunesPurchase.swift */,
				549E3BA32EBC021500ADFF56 /* Preview+TransportSecurity.swift */,
				547F52F32EB2CA05002B6D5F /* Preview+Entitlements.swift */,
				547F52EE2EB2C8E8002B6D5F /* Preview+Provisioning.swift */,
				547F52E92EB2C672002B6D5F /* Preview+FileInfo.swift */,
				547F52F62EB2CAC7002B6D5F /* Preview+Footer.swift */,
				5405CF642EA1376B00613856 /* Zip.swift */,
				549E3BA02EBAE7D300ADFF56 /* URL+File.swift */,
				54D3A6EF2EA3F49F001EF4F6 /* NSBezierPath+RoundedRect.swift */,
				547F52F82EB2CBAB002B6D5F /* Date+Format.swift */,
			);
			path = src;
			sourceTree = "<group>";
		};
		54442BEB2E378B71008A870E = {
			isa = PBXGroup;
			children = (
				545D9F3D2EB54C6200C38917 /* Config.xcconfig */,
				54EA9EB22EB6CCA300AB6027 /* Config-debug.xcconfig */,
				547F52FC2EB37F3A002B6D5F /* LICENSE */,
				547F52FB2EB37F10002B6D5F /* README.md */,
				549E3B9E2EBA8FDA00ADFF56 /* CHANGELOG.md */,
				541051562E37AFC10083670B /* src */,
				54D3A6F42EA46069001EF4F6 /* resources */,
				54442C6F2E378BDD008A870E /* App */,
				54442C782E378BE0008A870E /* QLPreview */,
				54AE5BFE2EB3DB1000B4CFC7 /* QLThumbnail */,
				54B6FFED2EB6A847007397C0 /* AssetCarReader */,
				54442C212E378BAF008A870E /* Frameworks */,
				54442BF52E378B71008A870E /* Products */,
			);
			sourceTree = "<group>";
		};
		54442BF52E378B71008A870E /* Products */ = {
			isa = PBXGroup;
			children = (
				54442BF42E378B71008A870E /* QLAppBundle (debug).app */,
				54442C202E378BAF008A870E /* QLAppBundle Preview Extension.appex */,
				54581FCF2EB29A0B0043A0B3 /* QLAppBundle Thumbnail Extension.appex */,
				54352E8A2EB6A79A0082F61D /* AssetCarReader.framework */,
			);
			name = Products;
			sourceTree = "<group>";
		};
		54442C212E378BAF008A870E /* Frameworks */ = {
			isa = PBXGroup;
			children = (
				54D3A6FA2EA46588001EF4F6 /* CoreGraphics.framework */,
				54442C222E378BAF008A870E /* Quartz.framework */,
				54581FD02EB29A0B0043A0B3 /* QuickLookThumbnailing.framework */,
			);
			name = Frameworks;
			sourceTree = "<group>";
		};
		54442C6F2E378BDD008A870E /* App */ = {
			isa = PBXGroup;
			children = (
				543FE5752EB3BC740059F98B /* Info.plist */,
				54442C6A2E378BDD008A870E /* AppDelegate.swift */,
				54442C6D2E378BDD008A870E /* MainMenu.xib */,
			);
			path = App;
			sourceTree = "<group>";
		};
		54442C782E378BE0008A870E /* QLPreview */ = {
			isa = PBXGroup;
			children = (
				54442C732E378BE0008A870E /* Info.plist */,
				54442C742E378BE0008A870E /* PreviewViewController.swift */,
				54442C762E378BE0008A870E /* PreviewViewController.xib */,
			);
			path = QLPreview;
			sourceTree = "<group>";
		};
		54AE5BFE2EB3DB1000B4CFC7 /* QLThumbnail */ = {
			isa = PBXGroup;
			children = (
				54AE5BFB2EB3DB1000B4CFC7 /* Info.plist */,
				54AE5BFD2EB3DB1000B4CFC7 /* ThumbnailProvider.swift */,
			);
			path = QLThumbnail;
			sourceTree = "<group>";
		};
		54B6FFED2EB6A847007397C0 /* AssetCarReader */ = {
			isa = PBXGroup;
			children = (
				544AF3682EB6AAC0006837F2 /* AssetCarReader.xcconfig */,
				54B6FFEC2EB6A847007397C0 /* AssetCarReader.swift */,
				54D3A6F62EA4610B001EF4F6 /* PrivateFrameworks */,
			);
			path = AssetCarReader;
			sourceTree = "<group>";
		};
		54D3A6F42EA46069001EF4F6 /* resources */ = {
			isa = PBXGroup;
			children = (
				543FE5732EB3BB5E0059F98B /* AppIcon.icns */,
				54D3A6F22EA4603B001EF4F6 /* defaultIcon.png */,
				54D3A6F32EA4603B001EF4F6 /* template.html */,
				54E087592EB15DD000979D91 /* style.css */,
			);
			path = resources;
			sourceTree = "<group>";
		};
		54D3A6F62EA4610B001EF4F6 /* PrivateFrameworks */ = {
			isa = PBXGroup;
			children = (
				54D3A6F52EA4610B001EF4F6 /* CoreUI.framework */,
			);
			path = PrivateFrameworks;
			sourceTree = "<group>";
		};
/* End PBXGroup section */

/* Begin PBXHeadersBuildPhase section */
		54352E852EB6A79A0082F61D /* Headers */ = {
			isa = PBXHeadersBuildPhase;
			buildActionMask = 2147483647;
			files = (
			);
			runOnlyForDeploymentPostprocessing = 0;
		};
/* End PBXHeadersBuildPhase section */

/* Begin PBXNativeTarget section */
		54352E892EB6A79A0082F61D /* AssetCarReader */ = {
			isa = PBXNativeTarget;
			buildConfigurationList = 54352E902EB6A79A0082F61D /* Build configuration list for PBXNativeTarget "AssetCarReader" */;
			buildPhases = (
				54352E852EB6A79A0082F61D /* Headers */,
				54352E862EB6A79A0082F61D /* Sources */,
				54352E872EB6A79A0082F61D /* Frameworks */,
				54352E882EB6A79A0082F61D /* Resources */,
			);
			buildRules = (
			);
			dependencies = (
			);
			name = AssetCarReader;
			packageProductDependencies = (
			);
			productName = AssetCarReader;
			productReference = 54352E8A2EB6A79A0082F61D /* AssetCarReader.framework */;
			productType = "com.apple.product-type.framework";
		};
		54442BF32E378B71008A870E /* App */ = {
			isa = PBXNativeTarget;
			buildConfigurationList = 54442C012E378B71008A870E /* Build configuration list for PBXNativeTarget "App" */;
			buildPhases = (
				54442BF02E378B71008A870E /* Sources */,
				54442BF12E378B71008A870E /* Frameworks */,
				54442BF22E378B71008A870E /* Resources */,
				54442C312E378BAF008A870E /* Embed Foundation Extensions */,
			);
			buildRules = (
			);
			dependencies = (
				54442C2F2E378BAF008A870E /* PBXTargetDependency */,
				54581FD92EB29A0B0043A0B3 /* PBXTargetDependency */,
			);
			name = App;
			packageProductDependencies = (
			);
			productName = QLApps;
			productReference = 54442BF42E378B71008A870E /* QLAppBundle (debug).app */;
			productType = "com.apple.product-type.application";
		};
		54442C1F2E378BAF008A870E /* QL Preview */ = {
			isa = PBXNativeTarget;
			buildConfigurationList = 54442C352E378BAF008A870E /* Build configuration list for PBXNativeTarget "QL Preview" */;
			buildPhases = (
				54442C1C2E378BAF008A870E /* Sources */,
				54442C1D2E378BAF008A870E /* Frameworks */,
				54442C1E2E378BAF008A870E /* Resources */,
				54B6FFF42EB6AA0F007397C0 /* Embed Frameworks */,
			);
			buildRules = (
			);
			dependencies = (
				54B6FFF32EB6AA0F007397C0 /* PBXTargetDependency */,
			);
			name = "QL Preview";
			packageProductDependencies = (
			);
			productName = QLPreview;
			productReference = 54442C202E378BAF008A870E /* QLAppBundle Preview Extension.appex */;
			productType = "com.apple.product-type.app-extension";
		};
		54581FCE2EB29A0B0043A0B3 /* QL Thumbnail */ = {
			isa = PBXNativeTarget;
			buildConfigurationList = 54581FDE2EB29A0B0043A0B3 /* Build configuration list for PBXNativeTarget "QL Thumbnail" */;
			buildPhases = (
				54581FCB2EB29A0B0043A0B3 /* Sources */,
				54581FCC2EB29A0B0043A0B3 /* Frameworks */,
				54581FCD2EB29A0B0043A0B3 /* Resources */,
				54B6FFF92EB6AA14007397C0 /* Embed Frameworks */,
			);
			buildRules = (
			);
			dependencies = (
				54B6FFF82EB6AA14007397C0 /* PBXTargetDependency */,
			);
			name = "QL Thumbnail";
			packageProductDependencies = (
			);
			productName = QLThumbnail;
			productReference = 54581FCF2EB29A0B0043A0B3 /* QLAppBundle Thumbnail Extension.appex */;
			productType = "com.apple.product-type.app-extension";
		};
/* End PBXNativeTarget section */

/* Begin PBXProject section */
		54442BEC2E378B71008A870E /* Project object */ = {
			isa = PBXProject;
			attributes = {
				BuildIndependentTargetsInParallel = 1;
				LastSwiftUpdateCheck = 1640;
				LastUpgradeCheck = 2600;
				TargetAttributes = {
					54442BF32E378B71008A870E = {
						CreatedOnToolsVersion = 16.4;
					};
					54442C1F2E378BAF008A870E = {
						CreatedOnToolsVersion = 16.4;
					};
					54581FCE2EB29A0B0043A0B3 = {
						CreatedOnToolsVersion = 16.4;
					};
				};
			};
			buildConfigurationList = 54442BEF2E378B71008A870E /* Build configuration list for PBXProject "QLAppBundle" */;
			developmentRegion = en;
			hasScannedForEncodings = 0;
			knownRegions = (
				en,
				Base,
			);
			mainGroup = 54442BEB2E378B71008A870E;
			minimizedProjectReferenceProxies = 1;
			preferredProjectObjectVersion = 77;
			productRefGroup = 54442BF52E378B71008A870E /* Products */;
			projectDirPath = "";
			projectRoot = "";
			targets = (
				54442BF32E378B71008A870E /* App */,
				54442C1F2E378BAF008A870E /* QL Preview */,
				54581FCE2EB29A0B0043A0B3 /* QL Thumbnail */,
				54352E892EB6A79A0082F61D /* AssetCarReader */,
			);
		};
/* End PBXProject section */

/* Begin PBXResourcesBuildPhase section */
		54352E882EB6A79A0082F61D /* Resources */ = {
			isa = PBXResourcesBuildPhase;
			buildActionMask = 2147483647;
			files = (
			);
			runOnlyForDeploymentPostprocessing = 0;
		};
		54442BF22E378B71008A870E /* Resources */ = {
			isa = PBXResourcesBuildPhase;
			buildActionMask = 2147483647;
			files = (
				54442C722E378BDD008A870E /* MainMenu.xib in Resources */,
				543FE5742EB3BB5E0059F98B /* AppIcon.icns in Resources */,
			);
			runOnlyForDeploymentPostprocessing = 0;
		};
		54442C1E2E378BAF008A870E /* Resources */ = {
			isa = PBXResourcesBuildPhase;
			buildActionMask = 2147483647;
			files = (
				54E0875A2EB15DD000979D91 /* style.css in Resources */,
				545459C42EA469E4002892E5 /* defaultIcon.png in Resources */,
				545459C52EA469EA002892E5 /* template.html in Resources */,
				54442C7B2E378BE0008A870E /* PreviewViewController.xib in Resources */,
			);
			runOnlyForDeploymentPostprocessing = 0;
		};
		54581FCD2EB29A0B0043A0B3 /* Resources */ = {
			isa = PBXResourcesBuildPhase;
			buildActionMask = 2147483647;
			files = (
				545820232EB29B4C0043A0B3 /* defaultIcon.png in Resources */,
			);
			runOnlyForDeploymentPostprocessing = 0;
		};
/* End PBXResourcesBuildPhase section */

/* Begin PBXSourcesBuildPhase section */
		54352E862EB6A79A0082F61D /* Sources */ = {
			isa = PBXSourcesBuildPhase;
			buildActionMask = 2147483647;
			files = (
				54B6FFEE2EB6A847007397C0 /* AssetCarReader.swift in Sources */,
			);
			runOnlyForDeploymentPostprocessing = 0;
		};
		54442BF02E378B71008A870E /* Sources */ = {
			isa = PBXSourcesBuildPhase;
			buildActionMask = 2147483647;
			files = (
				54442C702E378BDD008A870E /* AppDelegate.swift in Sources */,
			);
			runOnlyForDeploymentPostprocessing = 0;
		};
		54442C1C2E378BAF008A870E /* Sources */ = {
			isa = PBXSourcesBuildPhase;
			buildActionMask = 2147483647;
			files = (
				549E3BA42EBC021500ADFF56 /* Preview+TransportSecurity.swift in Sources */,
				5412DECE2EBC168600F9040D /* Preview+ArchiveInfo.swift in Sources */,
				54D3A6F02EA3F49F001EF4F6 /* NSBezierPath+RoundedRect.swift in Sources */,
				547F52E42EB2C3D8002B6D5F /* Preview+iTunesPurchase.swift in Sources */,
				547F52F72EB2CAC7002B6D5F /* Preview+Footer.swift in Sources */,
				5469E11D2EA5930C00D46CE7 /* Entitlements.swift in Sources */,
				54442C792E378BE0008A870E /* PreviewViewController.swift in Sources */,
				547F52EF2EB2C8E8002B6D5F /* Preview+Provisioning.swift in Sources */,
				547F52DE2EB2C15D002B6D5F /* ExpirationStatus.swift in Sources */,
				54D3A6EE2EA39CC6001EF4F6 /* AppIcon.swift in Sources */,
				547F52E82EB2C41C002B6D5F /* PreviewGenerator.swift in Sources */,
				547F52EB2EB2C672002B6D5F /* Preview+FileInfo.swift in Sources */,
				547F52ED2EB2C822002B6D5F /* Preview+AppInfo.swift in Sources */,
				549E3BA12EBAE7D300ADFF56 /* URL+File.swift in Sources */,
				547F52F42EB2CA05002B6D5F /* Preview+Entitlements.swift in Sources */,
				5405CF5E2EA1199B00613856 /* MetaInfo.swift in Sources */,
				547F52F92EB2CBAB002B6D5F /* Date+Format.swift in Sources */,
				54D3A6EC2EA31B52001EF4F6 /* AppCategories.swift in Sources */,
				5405CF652EA1376B00613856 /* Zip.swift in Sources */,
			);
			runOnlyForDeploymentPostprocessing = 0;
		};
		54581FCB2EB29A0B0043A0B3 /* Sources */ = {
			isa = PBXSourcesBuildPhase;
			buildActionMask = 2147483647;
			files = (
				547899712EB38F3D00F96B80 /* Zip.swift in Sources */,
				547899722EB38F3D00F96B80 /* MetaInfo.swift in Sources */,
				547899732EB38F3D00F96B80 /* NSBezierPath+RoundedRect.swift in Sources */,
				54AE5BFF2EB3DB1000B4CFC7 /* ThumbnailProvider.swift in Sources */,
				549E3BA22EBAECD400ADFF56 /* URL+File.swift in Sources */,
				547899752EB38F3D00F96B80 /* AppIcon.swift in Sources */,
			);
			runOnlyForDeploymentPostprocessing = 0;
		};
/* End PBXSourcesBuildPhase section */

/* Begin PBXTargetDependency section */
		54442C2F2E378BAF008A870E /* PBXTargetDependency */ = {
			isa = PBXTargetDependency;
			target = 54442C1F2E378BAF008A870E /* QL Preview */;
			targetProxy = 54442C2E2E378BAF008A870E /* PBXContainerItemProxy */;
		};
		54581FD92EB29A0B0043A0B3 /* PBXTargetDependency */ = {
			isa = PBXTargetDependency;
			target = 54581FCE2EB29A0B0043A0B3 /* QL Thumbnail */;
			targetProxy = 54581FD82EB29A0B0043A0B3 /* PBXContainerItemProxy */;
		};
		54B6FFF32EB6AA0F007397C0 /* PBXTargetDependency */ = {
			isa = PBXTargetDependency;
			target = 54352E892EB6A79A0082F61D /* AssetCarReader */;
			targetProxy = 54B6FFF22EB6AA0F007397C0 /* PBXContainerItemProxy */;
		};
		54B6FFF82EB6AA14007397C0 /* PBXTargetDependency */ = {
			isa = PBXTargetDependency;
			target = 54352E892EB6A79A0082F61D /* AssetCarReader */;
			targetProxy = 54B6FFF72EB6AA14007397C0 /* PBXContainerItemProxy */;
		};
/* End PBXTargetDependency section */

/* Begin PBXVariantGroup section */
		54442C6D2E378BDD008A870E /* MainMenu.xib */ = {
			isa = PBXVariantGroup;
			children = (
				54442C6C2E378BDD008A870E /* Base */,
			);
			name = MainMenu.xib;
			sourceTree = "<group>";
		};
		54442C762E378BE0008A870E /* PreviewViewController.xib */ = {
			isa = PBXVariantGroup;
			children = (
				54442C752E378BE0008A870E /* Base */,
			);
			name = PreviewViewController.xib;
			sourceTree = "<group>";
		};
/* End PBXVariantGroup section */

/* Begin XCBuildConfiguration section */
		54352E8E2EB6A79A0082F61D /* Debug */ = {
			isa = XCBuildConfiguration;
			baseConfigurationReference = 544AF3682EB6AAC0006837F2 /* AssetCarReader.xcconfig */;
			buildSettings = {
				BUILD_LIBRARY_FOR_DISTRIBUTION = YES;
				CODE_SIGN_IDENTITY = "";
				COMBINE_HIDPI_IMAGES = YES;
				DEAD_CODE_STRIPPING = YES;
				DYLIB_INSTALL_NAME_BASE = "@rpath";
				ENABLE_MODULE_VERIFIER = YES;
				GENERATE_INFOPLIST_FILE = YES;
				INFOPLIST_KEY_NSHumanReadableCopyright = "";
				INSTALL_PATH = "$(LOCAL_LIBRARY_DIR)/Frameworks";
				LD_RUNPATH_SEARCH_PATHS = (
					"$(inherited)",
					"@executable_path/../Frameworks",
					"@loader_path/Frameworks",
				);
				MODULE_VERIFIER_SUPPORTED_LANGUAGES = "objective-c objective-c++";
				MODULE_VERIFIER_SUPPORTED_LANGUAGE_STANDARDS = "gnu17 gnu++20";
				PRODUCT_BUNDLE_IDENTIFIER = de.relikd.AssetCarReader;
				PRODUCT_NAME = "$(TARGET_NAME:c99extidentifier)";
				SKIP_INSTALL = YES;
				STRING_CATALOG_GENERATE_SYMBOLS = YES;
				SWIFT_APPROACHABLE_CONCURRENCY = YES;
				SWIFT_EMIT_LOC_STRINGS = YES;
				SWIFT_INSTALL_MODULE = YES;
				SWIFT_INSTALL_OBJC_HEADER = NO;
				SWIFT_UPCOMING_FEATURE_MEMBER_IMPORT_VISIBILITY = YES;
				SWIFT_VERSION = 5.0;
				VERSIONING_SYSTEM = "apple-generic";
				VERSION_INFO_PREFIX = "";
			};
			name = Debug;
		};
		54352E8F2EB6A79A0082F61D /* Release */ = {
			isa = XCBuildConfiguration;
			baseConfigurationReference = 544AF3682EB6AAC0006837F2 /* AssetCarReader.xcconfig */;
			buildSettings = {
				BUILD_LIBRARY_FOR_DISTRIBUTION = YES;
				CODE_SIGN_IDENTITY = "";
				COMBINE_HIDPI_IMAGES = YES;
				DEAD_CODE_STRIPPING = YES;
				DYLIB_INSTALL_NAME_BASE = "@rpath";
				ENABLE_MODULE_VERIFIER = YES;
				GENERATE_INFOPLIST_FILE = YES;
				INFOPLIST_KEY_NSHumanReadableCopyright = "";
				INSTALL_PATH = "$(LOCAL_LIBRARY_DIR)/Frameworks";
				LD_RUNPATH_SEARCH_PATHS = (
					"$(inherited)",
					"@executable_path/../Frameworks",
					"@loader_path/Frameworks",
				);
				MODULE_VERIFIER_SUPPORTED_LANGUAGES = "objective-c objective-c++";
				MODULE_VERIFIER_SUPPORTED_LANGUAGE_STANDARDS = "gnu17 gnu++20";
				PRODUCT_BUNDLE_IDENTIFIER = de.relikd.AssetCarReader;
				PRODUCT_NAME = "$(TARGET_NAME:c99extidentifier)";
				SKIP_INSTALL = YES;
				STRING_CATALOG_GENERATE_SYMBOLS = YES;
				SWIFT_APPROACHABLE_CONCURRENCY = YES;
				SWIFT_EMIT_LOC_STRINGS = YES;
				SWIFT_INSTALL_MODULE = YES;
				SWIFT_INSTALL_OBJC_HEADER = NO;
				SWIFT_UPCOMING_FEATURE_MEMBER_IMPORT_VISIBILITY = YES;
				SWIFT_VERSION = 5.0;
				VERSIONING_SYSTEM = "apple-generic";
				VERSION_INFO_PREFIX = "";
			};
			name = Release;
		};
		54442BFF2E378B71008A870E /* Debug */ = {
			isa = XCBuildConfiguration;
			baseConfigurationReference = 54EA9EB22EB6CCA300AB6027 /* Config-debug.xcconfig */;
			buildSettings = {
				ALWAYS_SEARCH_USER_PATHS = NO;
				ASSETCATALOG_COMPILER_GENERATE_SWIFT_ASSET_SYMBOL_EXTENSIONS = YES;
				CLANG_ANALYZER_NONNULL = YES;
				CLANG_ANALYZER_NUMBER_OBJECT_CONVERSION = YES_AGGRESSIVE;
				CLANG_CXX_LANGUAGE_STANDARD = "gnu++20";
				CLANG_ENABLE_MODULES = YES;
				CLANG_ENABLE_OBJC_ARC = YES;
				CLANG_ENABLE_OBJC_WEAK = YES;
				CLANG_WARN_BLOCK_CAPTURE_AUTORELEASING = YES;
				CLANG_WARN_BOOL_CONVERSION = YES;
				CLANG_WARN_COMMA = YES;
				CLANG_WARN_CONSTANT_CONVERSION = YES;
				CLANG_WARN_DEPRECATED_OBJC_IMPLEMENTATIONS = YES;
				CLANG_WARN_DIRECT_OBJC_ISA_USAGE = YES_ERROR;
				CLANG_WARN_DOCUMENTATION_COMMENTS = YES;
				CLANG_WARN_EMPTY_BODY = YES;
				CLANG_WARN_ENUM_CONVERSION = YES;
				CLANG_WARN_INFINITE_RECURSION = YES;
				CLANG_WARN_INT_CONVERSION = YES;
				CLANG_WARN_NON_LITERAL_NULL_CONVERSION = YES;
				CLANG_WARN_OBJC_IMPLICIT_RETAIN_SELF = YES;
				CLANG_WARN_OBJC_LITERAL_CONVERSION = YES;
				CLANG_WARN_OBJC_ROOT_CLASS = YES_ERROR;
				CLANG_WARN_QUOTED_INCLUDE_IN_FRAMEWORK_HEADER = YES;
				CLANG_WARN_RANGE_LOOP_ANALYSIS = YES;
				CLANG_WARN_STRICT_PROTOTYPES = YES;
				CLANG_WARN_SUSPICIOUS_MOVE = YES;
				CLANG_WARN_UNGUARDED_AVAILABILITY = YES_AGGRESSIVE;
				CLANG_WARN_UNREACHABLE_CODE = YES;
				CLANG_WARN__DUPLICATE_METHOD_MATCH = YES;
				COPY_PHASE_STRIP = NO;
				CURRENT_PROJECT_VERSION = 1655;
				DEAD_CODE_STRIPPING = YES;
				DEBUG_INFORMATION_FORMAT = dwarf;
				DEVELOPMENT_TEAM = UY657LKNHJ;
				ENABLE_STRICT_OBJC_MSGSEND = YES;
				ENABLE_TESTABILITY = YES;
				ENABLE_USER_SCRIPT_SANDBOXING = YES;
				GCC_C_LANGUAGE_STANDARD = gnu17;
				GCC_DYNAMIC_NO_PIC = NO;
				GCC_NO_COMMON_BLOCKS = YES;
				GCC_OPTIMIZATION_LEVEL = 0;
				GCC_PREPROCESSOR_DEFINITIONS = (
					"DEBUG=1",
					"$(inherited)",
				);
				GCC_WARN_64_TO_32_BIT_CONVERSION = YES;
				GCC_WARN_ABOUT_RETURN_TYPE = YES_ERROR;
				GCC_WARN_UNDECLARED_SELECTOR = YES;
				GCC_WARN_UNINITIALIZED_AUTOS = YES_AGGRESSIVE;
				GCC_WARN_UNUSED_FUNCTION = YES;
				GCC_WARN_UNUSED_VARIABLE = YES;
				LOCALIZATION_PREFERS_STRING_CATALOGS = YES;
				MTL_ENABLE_DEBUG_INFO = INCLUDE_SOURCE;
				MTL_FAST_MATH = YES;
				ONLY_ACTIVE_ARCH = YES;
				SDKROOT = macosx;
				STRING_CATALOG_GENERATE_SYMBOLS = YES;
				SWIFT_ACTIVE_COMPILATION_CONDITIONS = "DEBUG $(inherited)";
				SWIFT_OPTIMIZATION_LEVEL = "-Onone";
			};
			name = Debug;
		};
		54442C002E378B71008A870E /* Release */ = {
			isa = XCBuildConfiguration;
			baseConfigurationReference = 545D9F3D2EB54C6200C38917 /* Config.xcconfig */;
			buildSettings = {
				ALWAYS_SEARCH_USER_PATHS = NO;
				ASSETCATALOG_COMPILER_GENERATE_SWIFT_ASSET_SYMBOL_EXTENSIONS = YES;
				CLANG_ANALYZER_NONNULL = YES;
				CLANG_ANALYZER_NUMBER_OBJECT_CONVERSION = YES_AGGRESSIVE;
				CLANG_CXX_LANGUAGE_STANDARD = "gnu++20";
				CLANG_ENABLE_MODULES = YES;
				CLANG_ENABLE_OBJC_ARC = YES;
				CLANG_ENABLE_OBJC_WEAK = YES;
				CLANG_WARN_BLOCK_CAPTURE_AUTORELEASING = YES;
				CLANG_WARN_BOOL_CONVERSION = YES;
				CLANG_WARN_COMMA = YES;
				CLANG_WARN_CONSTANT_CONVERSION = YES;
				CLANG_WARN_DEPRECATED_OBJC_IMPLEMENTATIONS = YES;
				CLANG_WARN_DIRECT_OBJC_ISA_USAGE = YES_ERROR;
				CLANG_WARN_DOCUMENTATION_COMMENTS = YES;
				CLANG_WARN_EMPTY_BODY = YES;
				CLANG_WARN_ENUM_CONVERSION = YES;
				CLANG_WARN_INFINITE_RECURSION = YES;
				CLANG_WARN_INT_CONVERSION = YES;
				CLANG_WARN_NON_LITERAL_NULL_CONVERSION = YES;
				CLANG_WARN_OBJC_IMPLICIT_RETAIN_SELF = YES;
				CLANG_WARN_OBJC_LITERAL_CONVERSION = YES;
				CLANG_WARN_OBJC_ROOT_CLASS = YES_ERROR;
				CLANG_WARN_QUOTED_INCLUDE_IN_FRAMEWORK_HEADER = YES;
				CLANG_WARN_RANGE_LOOP_ANALYSIS = YES;
				CLANG_WARN_STRICT_PROTOTYPES = YES;
				CLANG_WARN_SUSPICIOUS_MOVE = YES;
				CLANG_WARN_UNGUARDED_AVAILABILITY = YES_AGGRESSIVE;
				CLANG_WARN_UNREACHABLE_CODE = YES;
				CLANG_WARN__DUPLICATE_METHOD_MATCH = YES;
				COPY_PHASE_STRIP = NO;
				CURRENT_PROJECT_VERSION = 1655;
				DEAD_CODE_STRIPPING = YES;
				DEBUG_INFORMATION_FORMAT = "dwarf-with-dsym";
				DEVELOPMENT_TEAM = UY657LKNHJ;
				ENABLE_NS_ASSERTIONS = NO;
				ENABLE_STRICT_OBJC_MSGSEND = YES;
				ENABLE_USER_SCRIPT_SANDBOXING = YES;
				GCC_C_LANGUAGE_STANDARD = gnu17;
				GCC_NO_COMMON_BLOCKS = YES;
				GCC_PREPROCESSOR_DEFINITIONS = "";
				GCC_WARN_64_TO_32_BIT_CONVERSION = YES;
				GCC_WARN_ABOUT_RETURN_TYPE = YES_ERROR;
				GCC_WARN_UNDECLARED_SELECTOR = YES;
				GCC_WARN_UNINITIALIZED_AUTOS = YES_AGGRESSIVE;
				GCC_WARN_UNUSED_FUNCTION = YES;
				GCC_WARN_UNUSED_VARIABLE = YES;
				LOCALIZATION_PREFERS_STRING_CATALOGS = YES;
				MTL_ENABLE_DEBUG_INFO = NO;
				MTL_FAST_MATH = YES;
				SDKROOT = macosx;
				STRING_CATALOG_GENERATE_SYMBOLS = YES;
				SWIFT_COMPILATION_MODE = wholemodule;
			};
			name = Release;
		};
		54442C022E378B71008A870E /* Debug */ = {
			isa = XCBuildConfiguration;
			buildSettings = {
				COMBINE_HIDPI_IMAGES = YES;
				DEAD_CODE_STRIPPING = YES;
				DEVELOPMENT_TEAM = "";
				"DEVELOPMENT_TEAM[sdk=macosx*]" = UY657LKNHJ;
				ENABLE_APP_SANDBOX = YES;
				ENABLE_USER_SELECTED_FILES = readonly;
				GENERATE_INFOPLIST_FILE = YES;
				INFOPLIST_FILE = App/Info.plist;
				INFOPLIST_KEY_NSHumanReadableCopyright = "";
				INFOPLIST_KEY_NSMainNibFile = MainMenu;
				INFOPLIST_KEY_NSPrincipalClass = NSApplication;
				LD_RUNPATH_SEARCH_PATHS = (
					"$(inherited)",
					"@executable_path/../Frameworks",
				);
				PRODUCT_NAME = "$(inherited) (debug)";
				PROVISIONING_PROFILE_SPECIFIER = "";
				REGISTER_APP_GROUPS = YES;
				SWIFT_EMIT_LOC_STRINGS = YES;
				SWIFT_VERSION = 5.0;
			};
			name = Debug;
		};
		54442C032E378B71008A870E /* Release */ = {
			isa = XCBuildConfiguration;
			buildSettings = {
				COMBINE_HIDPI_IMAGES = YES;
				DEAD_CODE_STRIPPING = YES;
				DEVELOPMENT_TEAM = "";
				"DEVELOPMENT_TEAM[sdk=macosx*]" = UY657LKNHJ;
				ENABLE_APP_SANDBOX = YES;
				ENABLE_USER_SELECTED_FILES = readonly;
				GENERATE_INFOPLIST_FILE = YES;
				INFOPLIST_FILE = App/Info.plist;
				INFOPLIST_KEY_NSHumanReadableCopyright = "";
				INFOPLIST_KEY_NSMainNibFile = MainMenu;
				INFOPLIST_KEY_NSPrincipalClass = NSApplication;
				LD_RUNPATH_SEARCH_PATHS = (
					"$(inherited)",
					"@executable_path/../Frameworks",
				);
				PROVISIONING_PROFILE_SPECIFIER = "";
				REGISTER_APP_GROUPS = YES;
				SWIFT_EMIT_LOC_STRINGS = YES;
				SWIFT_VERSION = 5.0;
			};
			name = Release;
		};
		54442C322E378BAF008A870E /* Debug */ = {
			isa = XCBuildConfiguration;
			buildSettings = {
				DEAD_CODE_STRIPPING = YES;
				DEVELOPMENT_TEAM = "";
				"DEVELOPMENT_TEAM[sdk=macosx*]" = UY657LKNHJ;
				ENABLE_APP_SANDBOX = YES;
				ENABLE_USER_SELECTED_FILES = readonly;
				GENERATE_INFOPLIST_FILE = YES;
				INFOPLIST_FILE = QLPreview/Info.plist;
				INFOPLIST_KEY_CFBundleDisplayName = "$(PRODUCT_NAME) (debug)";
				INFOPLIST_KEY_NSHumanReadableCopyright = "";
				LD_RUNPATH_SEARCH_PATHS = (
					"$(inherited)",
					"@executable_path/../Frameworks",
					"@executable_path/../../../../Frameworks",
				);
				PRODUCT_BUNDLE_IDENTIFIER = "$(inherited).Preview";
				PRODUCT_NAME = "$(inherited) Preview Extension";
				PROVISIONING_PROFILE_SPECIFIER = "";
				SKIP_INSTALL = YES;
				SWIFT_EMIT_LOC_STRINGS = YES;
				SWIFT_VERSION = 5.0;
			};
			name = Debug;
		};
		54442C332E378BAF008A870E /* Release */ = {
			isa = XCBuildConfiguration;
			buildSettings = {
				DEAD_CODE_STRIPPING = YES;
				DEVELOPMENT_TEAM = "";
				"DEVELOPMENT_TEAM[sdk=macosx*]" = UY657LKNHJ;
				ENABLE_APP_SANDBOX = YES;
				ENABLE_USER_SELECTED_FILES = readonly;
				GENERATE_INFOPLIST_FILE = YES;
				INFOPLIST_FILE = QLPreview/Info.plist;
				INFOPLIST_KEY_CFBundleDisplayName = "$(PRODUCT_NAME)";
				INFOPLIST_KEY_NSHumanReadableCopyright = "";
				LD_RUNPATH_SEARCH_PATHS = (
					"$(inherited)",
					"@executable_path/../Frameworks",
					"@executable_path/../../../../Frameworks",
				);
				PRODUCT_BUNDLE_IDENTIFIER = "$(inherited).Preview";
				PRODUCT_NAME = "$(inherited) Preview Extension";
				PROVISIONING_PROFILE_SPECIFIER = "";
				SKIP_INSTALL = YES;
				SWIFT_EMIT_LOC_STRINGS = YES;
				SWIFT_VERSION = 5.0;
			};
			name = Release;
		};
		54581FDB2EB29A0B0043A0B3 /* Debug */ = {
			isa = XCBuildConfiguration;
			buildSettings = {
				DEAD_CODE_STRIPPING = YES;
				DEVELOPMENT_TEAM = "";
				"DEVELOPMENT_TEAM[sdk=macosx*]" = UY657LKNHJ;
				ENABLE_APP_SANDBOX = YES;
				ENABLE_USER_SELECTED_FILES = readonly;
				GENERATE_INFOPLIST_FILE = YES;
				INFOPLIST_FILE = QLThumbnail/Info.plist;
				INFOPLIST_KEY_CFBundleDisplayName = "$(PRODUCT_NAME) (debug)";
				INFOPLIST_KEY_NSHumanReadableCopyright = "";
				LD_RUNPATH_SEARCH_PATHS = (
					"$(inherited)",
					"@executable_path/../Frameworks",
					"@executable_path/../../../../Frameworks",
				);
				PRODUCT_BUNDLE_IDENTIFIER = "$(inherited).Thumbnail";
				PRODUCT_NAME = "$(inherited) Thumbnail Extension";
				PROVISIONING_PROFILE_SPECIFIER = "";
				SKIP_INSTALL = YES;
				SWIFT_EMIT_LOC_STRINGS = YES;
				SWIFT_VERSION = 5.0;
			};
			name = Debug;
		};
		54581FDC2EB29A0B0043A0B3 /* Release */ = {
			isa = XCBuildConfiguration;
			buildSettings = {
				DEAD_CODE_STRIPPING = YES;
				DEVELOPMENT_TEAM = "";
				"DEVELOPMENT_TEAM[sdk=macosx*]" = UY657LKNHJ;
				ENABLE_APP_SANDBOX = YES;
				ENABLE_USER_SELECTED_FILES = readonly;
				GENERATE_INFOPLIST_FILE = YES;
				INFOPLIST_FILE = QLThumbnail/Info.plist;
				INFOPLIST_KEY_CFBundleDisplayName = "$(PRODUCT_NAME)";
				INFOPLIST_KEY_NSHumanReadableCopyright = "";
				LD_RUNPATH_SEARCH_PATHS = (
					"$(inherited)",
					"@executable_path/../Frameworks",
					"@executable_path/../../../../Frameworks",
				);
				PRODUCT_BUNDLE_IDENTIFIER = "$(inherited).Thumbnail";
				PRODUCT_NAME = "$(inherited) Thumbnail Extension";
				PROVISIONING_PROFILE_SPECIFIER = "";
				SKIP_INSTALL = YES;
				SWIFT_EMIT_LOC_STRINGS = YES;
				SWIFT_VERSION = 5.0;
			};
			name = Release;
		};
/* End XCBuildConfiguration section */

/* Begin XCConfigurationList section */
		54352E902EB6A79A0082F61D /* Build configuration list for PBXNativeTarget "AssetCarReader" */ = {
			isa = XCConfigurationList;
			buildConfigurations = (
				54352E8E2EB6A79A0082F61D /* Debug */,
				54352E8F2EB6A79A0082F61D /* Release */,
			);
			defaultConfigurationIsVisible = 0;
			defaultConfigurationName = Release;
		};
		54442BEF2E378B71008A870E /* Build configuration list for PBXProject "QLAppBundle" */ = {
			isa = XCConfigurationList;
			buildConfigurations = (
				54442BFF2E378B71008A870E /* Debug */,
				54442C002E378B71008A870E /* Release */,
			);
			defaultConfigurationIsVisible = 0;
			defaultConfigurationName = Release;
		};
		54442C012E378B71008A870E /* Build configuration list for PBXNativeTarget "App" */ = {
			isa = XCConfigurationList;
			buildConfigurations = (
				54442C022E378B71008A870E /* Debug */,
				54442C032E378B71008A870E /* Release */,
			);
			defaultConfigurationIsVisible = 0;
			defaultConfigurationName = Release;
		};
		54442C352E378BAF008A870E /* Build configuration list for PBXNativeTarget "QL Preview" */ = {
			isa = XCConfigurationList;
			buildConfigurations = (
				54442C322E378BAF008A870E /* Debug */,
				54442C332E378BAF008A870E /* Release */,
			);
			defaultConfigurationIsVisible = 0;
			defaultConfigurationName = Release;
		};
		54581FDE2EB29A0B0043A0B3 /* Build configuration list for PBXNativeTarget "QL Thumbnail" */ = {
			isa = XCConfigurationList;
			buildConfigurations = (
				54581FDB2EB29A0B0043A0B3 /* Debug */,
				54581FDC2EB29A0B0043A0B3 /* Release */,
			);
			defaultConfigurationIsVisible = 0;
			defaultConfigurationName = Release;
		};
/* End XCConfigurationList section */
	};
	rootObject = 54442BEC2E378B71008A870E /* Project object */;
}
