// !$*UTF8*$!
{
	archiveVersion = 1;
	classes = {
	};
	objectVersion = 77;
	objects = {

/* Begin PBXBuildFile section */
		5405CF5E2EA1199B00613856 /* MetaInfo.swift in Sources */ = {isa = PBXBuildFile; fileRef = 5405CF5D2EA1199B00613856 /* MetaInfo.swift */; };
		5405CF652EA1376B00613856 /* Zip.swift in Sources */ = {isa = PBXBuildFile; fileRef = 5405CF642EA1376B00613856 /* Zip.swift */; };
		543FE5742EB3BB5E0059F98B /* AppIcon.icns in Resources */ = {isa = PBXBuildFile; fileRef = 543FE5732EB3BB5E0059F98B /* AppIcon.icns */; };
		54442C232E378BAF008A870E /* Quartz.framework in Frameworks */ = {isa = PBXBuildFile; fileRef = 54442C222E378BAF008A870E /* Quartz.framework */; };
		54442C302E378BAF008A870E /* QLPreview.appex in Embed Foundation Extensions */ = {isa = PBXBuildFile; fileRef = 54442C202E378BAF008A870E /* QLPreview.appex */; settings = {ATTRIBUTES = (RemoveHeadersOnCopy, ); }; };
		54442C702E378BDD008A870E /* AppDelegate.swift in Sources */ = {isa = PBXBuildFile; fileRef = 54442C6A2E378BDD008A870E /* AppDelegate.swift */; };
		54442C722E378BDD008A870E /* MainMenu.xib in Resources */ = {isa = PBXBuildFile; fileRef = 54442C6D2E378BDD008A870E /* MainMenu.xib */; };
		54442C792E378BE0008A870E /* PreviewViewController.swift in Sources */ = {isa = PBXBuildFile; fileRef = 54442C742E378BE0008A870E /* PreviewViewController.swift */; };
		54442C7B2E378BE0008A870E /* PreviewViewController.xib in Resources */ = {isa = PBXBuildFile; fileRef = 54442C762E378BE0008A870E /* PreviewViewController.xib */; };
		545459C42EA469E4002892E5 /* defaultIcon.png in Resources */ = {isa = PBXBuildFile; fileRef = 54D3A6F22EA4603B001EF4F6 /* defaultIcon.png */; };
		545459C52EA469EA002892E5 /* template.html in Resources */ = {isa = PBXBuildFile; fileRef = 54D3A6F32EA4603B001EF4F6 /* template.html */; };
		54581FD12EB29A0B0043A0B3 /* QuickLookThumbnailing.framework in Frameworks */ = {isa = PBXBuildFile; fileRef = 54581FD02EB29A0B0043A0B3 /* QuickLookThumbnailing.framework */; };
		54581FD22EB29A0B0043A0B3 /* Quartz.framework in Frameworks */ = {isa = PBXBuildFile; fileRef = 54442C222E378BAF008A870E /* Quartz.framework */; };
		54581FDA2EB29A0B0043A0B3 /* QLThumbnail.appex in Embed Foundation Extensions */ = {isa = PBXBuildFile; fileRef = 54581FCF2EB29A0B0043A0B3 /* QLThumbnail.appex */; settings = {ATTRIBUTES = (RemoveHeadersOnCopy, ); }; };
		545820232EB29B4C0043A0B3 /* defaultIcon.png in Resources */ = {isa = PBXBuildFile; fileRef = 54D3A6F22EA4603B001EF4F6 /* defaultIcon.png */; };
		5469E11D2EA5930C00D46CE7 /* Entitlements.swift in Sources */ = {isa = PBXBuildFile; fileRef = 5469E11C2EA5930C00D46CE7 /* Entitlements.swift */; };
		5478996F2EB38EBB00F96B80 /* CoreUI.framework in Frameworks */ = {isa = PBXBuildFile; fileRef = 54D3A6F52EA4610B001EF4F6 /* CoreUI.framework */; };
		547899702EB38EBB00F96B80 /* CoreUI.framework in Frameworks */ = {isa = PBXBuildFile; fileRef = 54D3A6F52EA4610B001EF4F6 /* CoreUI.framework */; };
		547899712EB38F3D00F96B80 /* Zip.swift in Sources */ = {isa = PBXBuildFile; fileRef = 5405CF642EA1376B00613856 /* Zip.swift */; };
		547899722EB38F3D00F96B80 /* MetaInfo.swift in Sources */ = {isa = PBXBuildFile; fileRef = 5405CF5D2EA1199B00613856 /* MetaInfo.swift */; };
		547899732EB38F3D00F96B80 /* NSBezierPath+RoundedRect.swift in Sources */ = {isa = PBXBuildFile; fileRef = 54D3A6EF2EA3F49F001EF4F6 /* NSBezierPath+RoundedRect.swift */; };
		547899752EB38F3D00F96B80 /* AppIcon.swift in Sources */ = {isa = PBXBuildFile; fileRef = 54D3A6ED2EA39CC6001EF4F6 /* AppIcon.swift */; };
		547899762EB38FD400F96B80 /* AppIcon+Car.swift in Sources */ = {isa = PBXBuildFile; fileRef = 545459C62EA4773A002892E5 /* AppIcon+Car.swift */; };
		547899772EB38FD400F96B80 /* AppIcon+Car.swift in Sources */ = {isa = PBXBuildFile; fileRef = 545459C62EA4773A002892E5 /* AppIcon+Car.swift */; };
		547F52DE2EB2C15D002B6D5F /* ExpirationStatus.swift in Sources */ = {isa = PBXBuildFile; fileRef = 547F52DC2EB2C15D002B6D5F /* ExpirationStatus.swift */; };
		547F52E42EB2C3D8002B6D5F /* Html+iTunesPurchase.swift in Sources */ = {isa = PBXBuildFile; fileRef = 547F52E32EB2C3D8002B6D5F /* Html+iTunesPurchase.swift */; };
		547F52E82EB2C41C002B6D5F /* HtmlGenerator.swift in Sources */ = {isa = PBXBuildFile; fileRef = 547F52E62EB2C41C002B6D5F /* HtmlGenerator.swift */; };
		547F52EB2EB2C672002B6D5F /* Html+FileInfo.swift in Sources */ = {isa = PBXBuildFile; fileRef = 547F52E92EB2C672002B6D5F /* Html+FileInfo.swift */; };
		547F52ED2EB2C822002B6D5F /* Html+AppInfo.swift in Sources */ = {isa = PBXBuildFile; fileRef = 547F52EC2EB2C822002B6D5F /* Html+AppInfo.swift */; };
		547F52EF2EB2C8E8002B6D5F /* Html+Provisioning.swift in Sources */ = {isa = PBXBuildFile; fileRef = 547F52EE2EB2C8E8002B6D5F /* Html+Provisioning.swift */; };
		547F52F42EB2CA05002B6D5F /* Html+Entitlements.swift in Sources */ = {isa = PBXBuildFile; fileRef = 547F52F32EB2CA05002B6D5F /* Html+Entitlements.swift */; };
		547F52F72EB2CAC7002B6D5F /* Html+Footer.swift in Sources */ = {isa = PBXBuildFile; fileRef = 547F52F62EB2CAC7002B6D5F /* Html+Footer.swift */; };
		547F52F92EB2CBAB002B6D5F /* Date+Format.swift in Sources */ = {isa = PBXBuildFile; fileRef = 547F52F82EB2CBAB002B6D5F /* Date+Format.swift */; };
		54AE5BFF2EB3DB1000B4CFC7 /* ThumbnailProvider.swift in Sources */ = {isa = PBXBuildFile; fileRef = 54AE5BFD2EB3DB1000B4CFC7 /* ThumbnailProvider.swift */; };
		54D3A6EC2EA31B52001EF4F6 /* AppCategories.swift in Sources */ = {isa = PBXBuildFile; fileRef = 54D3A6EB2EA31B52001EF4F6 /* AppCategories.swift */; };
		54D3A6EE2EA39CC6001EF4F6 /* AppIcon.swift in Sources */ = {isa = PBXBuildFile; fileRef = 54D3A6ED2EA39CC6001EF4F6 /* AppIcon.swift */; };
		54D3A6F02EA3F49F001EF4F6 /* NSBezierPath+RoundedRect.swift in Sources */ = {isa = PBXBuildFile; fileRef = 54D3A6EF2EA3F49F001EF4F6 /* NSBezierPath+RoundedRect.swift */; };
		54D3A6FE2EA465B4001EF4F6 /* CoreGraphics.framework in Frameworks */ = {isa = PBXBuildFile; fileRef = 54D3A6FA2EA46588001EF4F6 /* CoreGraphics.framework */; };
		54E0875A2EB15DD000979D91 /* style.css in Resources */ = {isa = PBXBuildFile; fileRef = 54E087592EB15DD000979D91 /* style.css */; };
/* End PBXBuildFile section */

/* Begin PBXContainerItemProxy section */
		54442C2E2E378BAF008A870E /* PBXContainerItemProxy */ = {
			isa = PBXContainerItemProxy;
			containerPortal = 54442BEC2E378B71008A870E /* Project object */;
			proxyType = 1;
			remoteGlobalIDString = 54442C1F2E378BAF008A870E;
			remoteInfo = QLPreview;
		};
		54581FD82EB29A0B0043A0B3 /* PBXContainerItemProxy */ = {
			isa = PBXContainerItemProxy;
			containerPortal = 54442BEC2E378B71008A870E /* Project object */;
			proxyType = 1;
			remoteGlobalIDString = 54581FCE2EB29A0B0043A0B3;
			remoteInfo = QLThumbnail;
		};
/* End PBXContainerItemProxy section */

/* Begin PBXCopyFilesBuildPhase section */
		54442C312E378BAF008A870E /* Embed Foundation Extensions */ = {
			isa = PBXCopyFilesBuildPhase;
			buildActionMask = 2147483647;
			dstPath = "";
			dstSubfolderSpec = 13;
			files = (
				54581FDA2EB29A0B0043A0B3 /* QLThumbnail.appex in Embed Foundation Extensions */,
				54442C302E378BAF008A870E /* QLPreview.appex in Embed Foundation Extensions */,
			);
			name = "Embed Foundation Extensions";
			runOnlyForDeploymentPostprocessing = 0;
		};
/* End PBXCopyFilesBuildPhase section */

/* Begin PBXFileReference section */
		5405CF5D2EA1199B00613856 /* MetaInfo.swift */ = {isa = PBXFileReference; lastKnownFileType = sourcecode.swift; path = MetaInfo.swift; sourceTree = "<group>"; };
		5405CF642EA1376B00613856 /* Zip.swift */ = {isa = PBXFileReference; lastKnownFileType = sourcecode.swift; path = Zip.swift; sourceTree = "<group>"; };
		543FE5732EB3BB5E0059F98B /* AppIcon.icns */ = {isa = PBXFileReference; lastKnownFileType = image.icns; path = AppIcon.icns; sourceTree = "<group>"; };
		543FE5752EB3BC740059F98B /* Info.plist */ = {isa = PBXFileReference; lastKnownFileType = text.plist.xml; path = Info.plist; sourceTree = "<group>"; };
		543FE5772EB3DAA20059F98B /* Foundation.framework */ = {isa = PBXFileReference; lastKnownFileType = wrapper.framework; name = Foundation.framework; path = System/Library/Frameworks/Foundation.framework; sourceTree = SDKROOT; };
		54442BF42E378B71008A870E /* QLAppBundle (debug).app */ = {isa = PBXFileReference; explicitFileType = wrapper.application; includeInIndex = 0; path = "QLAppBundle (debug).app"; sourceTree = BUILT_PRODUCTS_DIR; };
		54442C202E378BAF008A870E /* QLPreview.appex */ = {isa = PBXFileReference; explicitFileType = "wrapper.app-extension"; includeInIndex = 0; path = QLPreview.appex; sourceTree = BUILT_PRODUCTS_DIR; };
		54442C222E378BAF008A870E /* Quartz.framework */ = {isa = PBXFileReference; lastKnownFileType = wrapper.framework; name = Quartz.framework; path = System/Library/Frameworks/Quartz.framework; sourceTree = SDKROOT; };
		54442C6A2E378BDD008A870E /* AppDelegate.swift */ = {isa = PBXFileReference; lastKnownFileType = sourcecode.swift; path = AppDelegate.swift; sourceTree = "<group>"; };
		54442C6C2E378BDD008A870E /* Base */ = {isa = PBXFileReference; lastKnownFileType = file.xib; name = Base; path = Base.lproj/MainMenu.xib; sourceTree = "<group>"; };
		54442C6E2E378BDD008A870E /* App.entitlements */ = {isa = PBXFileReference; lastKnownFileType = text.plist.entitlements; path = App.entitlements; sourceTree = "<group>"; };
		54442C732E378BE0008A870E /* Info.plist */ = {isa = PBXFileReference; lastKnownFileType = text.plist.xml; path = Info.plist; sourceTree = "<group>"; };
		54442C742E378BE0008A870E /* PreviewViewController.swift */ = {isa = PBXFileReference; lastKnownFileType = sourcecode.swift; path = PreviewViewController.swift; sourceTree = "<group>"; };
		54442C752E378BE0008A870E /* Base */ = {isa = PBXFileReference; lastKnownFileType = file.xib; name = Base; path = Base.lproj/PreviewViewController.xib; sourceTree = "<group>"; };
		54442C772E378BE0008A870E /* QLPreview.entitlements */ = {isa = PBXFileReference; lastKnownFileType = text.plist.entitlements; path = QLPreview.entitlements; sourceTree = "<group>"; };
		545459C62EA4773A002892E5 /* AppIcon+Car.swift */ = {isa = PBXFileReference; lastKnownFileType = sourcecode.swift; path = "AppIcon+Car.swift"; sourceTree = "<group>"; };
		54581FCF2EB29A0B0043A0B3 /* QLThumbnail.appex */ = {isa = PBXFileReference; explicitFileType = "wrapper.app-extension"; includeInIndex = 0; path = QLThumbnail.appex; sourceTree = BUILT_PRODUCTS_DIR; };
		54581FD02EB29A0B0043A0B3 /* QuickLookThumbnailing.framework */ = {isa = PBXFileReference; lastKnownFileType = wrapper.framework; name = QuickLookThumbnailing.framework; path = System/Library/Frameworks/QuickLookThumbnailing.framework; sourceTree = SDKROOT; };
		5469E11C2EA5930C00D46CE7 /* Entitlements.swift */ = {isa = PBXFileReference; lastKnownFileType = sourcecode.swift; path = Entitlements.swift; sourceTree = "<group>"; };
		547F52DC2EB2C15D002B6D5F /* ExpirationStatus.swift */ = {isa = PBXFileReference; lastKnownFileType = sourcecode.swift; path = ExpirationStatus.swift; sourceTree = "<group>"; };
		547F52E32EB2C3D8002B6D5F /* Html+iTunesPurchase.swift */ = {isa = PBXFileReference; lastKnownFileType = sourcecode.swift; path = "Html+iTunesPurchase.swift"; sourceTree = "<group>"; };
		547F52E62EB2C41C002B6D5F /* HtmlGenerator.swift */ = {isa = PBXFileReference; lastKnownFileType = sourcecode.swift; path = HtmlGenerator.swift; sourceTree = "<group>"; };
		547F52E92EB2C672002B6D5F /* Html+FileInfo.swift */ = {isa = PBXFileReference; lastKnownFileType = sourcecode.swift; path = "Html+FileInfo.swift"; sourceTree = "<group>"; };
		547F52EC2EB2C822002B6D5F /* Html+AppInfo.swift */ = {isa = PBXFileReference; lastKnownFileType = sourcecode.swift; path = "Html+AppInfo.swift"; sourceTree = "<group>"; };
		547F52EE2EB2C8E8002B6D5F /* Html+Provisioning.swift */ = {isa = PBXFileReference; lastKnownFileType = sourcecode.swift; path = "Html+Provisioning.swift"; sourceTree = "<group>"; };
		547F52F32EB2CA05002B6D5F /* Html+Entitlements.swift */ = {isa = PBXFileReference; lastKnownFileType = sourcecode.swift; path = "Html+Entitlements.swift"; sourceTree = "<group>"; };
		547F52F62EB2CAC7002B6D5F /* Html+Footer.swift */ = {isa = PBXFileReference; lastKnownFileType = sourcecode.swift; path = "Html+Footer.swift"; sourceTree = "<group>"; };
		547F52F82EB2CBAB002B6D5F /* Date+Format.swift */ = {isa = PBXFileReference; lastKnownFileType = sourcecode.swift; path = "Date+Format.swift"; sourceTree = "<group>"; };
		547F52FB2EB37F10002B6D5F /* README.md */ = {isa = PBXFileReference; lastKnownFileType = net.daringfireball.markdown; path = README.md; sourceTree = "<group>"; };
		547F52FC2EB37F3A002B6D5F /* LICENSE */ = {isa = PBXFileReference; lastKnownFileType = text; path = LICENSE; sourceTree = "<group>"; };
		5485EE362EB1460C009E3905 /* Network.framework */ = {isa = PBXFileReference; lastKnownFileType = wrapper.framework; name = Network.framework; path = System/Library/Frameworks/Network.framework; sourceTree = SDKROOT; };
		54AE5BFB2EB3DB1000B4CFC7 /* Info.plist */ = {isa = PBXFileReference; lastKnownFileType = text.plist.xml; path = Info.plist; sourceTree = "<group>"; };
		54AE5BFC2EB3DB1000B4CFC7 /* QLThumbnail.entitlements */ = {isa = PBXFileReference; lastKnownFileType = text.plist.entitlements; path = QLThumbnail.entitlements; sourceTree = "<group>"; };
		54AE5BFD2EB3DB1000B4CFC7 /* ThumbnailProvider.swift */ = {isa = PBXFileReference; lastKnownFileType = sourcecode.swift; path = ThumbnailProvider.swift; sourceTree = "<group>"; };
		54D3A6EB2EA31B52001EF4F6 /* AppCategories.swift */ = {isa = PBXFileReference; lastKnownFileType = sourcecode.swift; path = AppCategories.swift; sourceTree = "<group>"; };
		54D3A6ED2EA39CC6001EF4F6 /* AppIcon.swift */ = {isa = PBXFileReference; lastKnownFileType = sourcecode.swift; path = AppIcon.swift; sourceTree = "<group>"; };
		54D3A6EF2EA3F49F001EF4F6 /* NSBezierPath+RoundedRect.swift */ = {isa = PBXFileReference; lastKnownFileType = sourcecode.swift; path = "NSBezierPath+RoundedRect.swift"; sourceTree = "<group>"; };
		54D3A6F22EA4603B001EF4F6 /* defaultIcon.png */ = {isa = PBXFileReference; lastKnownFileType = image.png; path = defaultIcon.png; sourceTree = "<group>"; };
		54D3A6F32EA4603B001EF4F6 /* template.html */ = {isa = PBXFileReference; lastKnownFileType = text.html; path = template.html; sourceTree = "<group>"; };
		54D3A6F52EA4610B001EF4F6 /* CoreUI.framework */ = {isa = PBXFileReference; lastKnownFileType = wrapper.framework; path = CoreUI.framework; sourceTree = "<group>"; };
		54D3A6FA2EA46588001EF4F6 /* CoreGraphics.framework */ = {isa = PBXFileReference; lastKnownFileType = wrapper.framework; name = CoreGraphics.framework; path = System/Library/Frameworks/CoreGraphics.framework; sourceTree = SDKROOT; };
		54D3A6FC2EA465A9001EF4F6 /* CoreServices.framework */ = {isa = PBXFileReference; lastKnownFileType = wrapper.framework; name = CoreServices.framework; path = System/Library/Frameworks/CoreServices.framework; sourceTree = SDKROOT; };
		54D3A6FF2EA465C4001EF4F6 /* AppKit.framework */ = {isa = PBXFileReference; lastKnownFileType = wrapper.framework; name = AppKit.framework; path = System/Library/Frameworks/AppKit.framework; sourceTree = SDKROOT; };
		54E0874C2EB1488300979D91 /* ApplicationServices.framework */ = {isa = PBXFileReference; lastKnownFileType = wrapper.framework; name = ApplicationServices.framework; path = System/Library/Frameworks/ApplicationServices.framework; sourceTree = SDKROOT; };
		54E0874E2EB1489100979D91 /* CoreFoundation.framework */ = {isa = PBXFileReference; lastKnownFileType = wrapper.framework; name = CoreFoundation.framework; path = System/Library/Frameworks/CoreFoundation.framework; sourceTree = SDKROOT; };
		54E087512EB148B700979D91 /* libz.tbd */ = {isa = PBXFileReference; lastKnownFileType = "sourcecode.text-based-dylib-definition"; name = libz.tbd; path = usr/lib/libz.tbd; sourceTree = SDKROOT; };
		54E087532EB148DB00979D91 /* QuickLook.framework */ = {isa = PBXFileReference; lastKnownFileType = wrapper.framework; name = QuickLook.framework; path = System/Library/Frameworks/QuickLook.framework; sourceTree = SDKROOT; };
		54E087552EB148DF00979D91 /* Security.framework */ = {isa = PBXFileReference; lastKnownFileType = wrapper.framework; name = Security.framework; path = System/Library/Frameworks/Security.framework; sourceTree = SDKROOT; };
		54E087572EB148E700979D91 /* WebKit.framework */ = {isa = PBXFileReference; lastKnownFileType = wrapper.framework; name = WebKit.framework; path = System/Library/Frameworks/WebKit.framework; sourceTree = SDKROOT; };
		54E087592EB15DD000979D91 /* style.css */ = {isa = PBXFileReference; lastKnownFileType = text.css; path = style.css; sourceTree = "<group>"; };
/* End PBXFileReference section */

/* Begin PBXFrameworksBuildPhase section */
		54442BF12E378B71008A870E /* Frameworks */ = {
			isa = PBXFrameworksBuildPhase;
			buildActionMask = 2147483647;
			files = (
			);
			runOnlyForDeploymentPostprocessing = 0;
		};
		54442C1D2E378BAF008A870E /* Frameworks */ = {
			isa = PBXFrameworksBuildPhase;
			buildActionMask = 2147483647;
			files = (
				54D3A6FE2EA465B4001EF4F6 /* CoreGraphics.framework in Frameworks */,
				54442C232E378BAF008A870E /* Quartz.framework in Frameworks */,
				5478996F2EB38EBB00F96B80 /* CoreUI.framework in Frameworks */,
			);
			runOnlyForDeploymentPostprocessing = 0;
		};
		54581FCC2EB29A0B0043A0B3 /* Frameworks */ = {
			isa = PBXFrameworksBuildPhase;
			buildActionMask = 2147483647;
			files = (
				54581FD12EB29A0B0043A0B3 /* QuickLookThumbnailing.framework in Frameworks */,
				54581FD22EB29A0B0043A0B3 /* Quartz.framework in Frameworks */,
				547899702EB38EBB00F96B80 /* CoreUI.framework in Frameworks */,
			);
			runOnlyForDeploymentPostprocessing = 0;
		};
/* End PBXFrameworksBuildPhase section */

/* Begin PBXGroup section */
		541051562E37AFC10083670B /* src */ = {
			isa = PBXGroup;
			children = (
				5405CF5D2EA1199B00613856 /* MetaInfo.swift */,
				54D3A6EB2EA31B52001EF4F6 /* AppCategories.swift */,
				54D3A6ED2EA39CC6001EF4F6 /* AppIcon.swift */,
				545459C62EA4773A002892E5 /* AppIcon+Car.swift */,
				5469E11C2EA5930C00D46CE7 /* Entitlements.swift */,
				547F52DC2EB2C15D002B6D5F /* ExpirationStatus.swift */,
				547F52E62EB2C41C002B6D5F /* HtmlGenerator.swift */,
				547F52EC2EB2C822002B6D5F /* Html+AppInfo.swift */,
				547F52EE2EB2C8E8002B6D5F /* Html+Provisioning.swift */,
				547F52F32EB2CA05002B6D5F /* Html+Entitlements.swift */,
				547F52E32EB2C3D8002B6D5F /* Html+iTunesPurchase.swift */,
				547F52E92EB2C672002B6D5F /* Html+FileInfo.swift */,
				547F52F62EB2CAC7002B6D5F /* Html+Footer.swift */,
				5405CF642EA1376B00613856 /* Zip.swift */,
				54D3A6EF2EA3F49F001EF4F6 /* NSBezierPath+RoundedRect.swift */,
				547F52F82EB2CBAB002B6D5F /* Date+Format.swift */,
			);
			path = src;
			sourceTree = "<group>";
		};
		54442BEB2E378B71008A870E = {
			isa = PBXGroup;
			children = (
				547F52FC2EB37F3A002B6D5F /* LICENSE */,
				547F52FB2EB37F10002B6D5F /* README.md */,
				54D3A6F62EA4610B001EF4F6 /* PrivateFrameworks */,
				541051562E37AFC10083670B /* src */,
				54D3A6F42EA46069001EF4F6 /* resources */,
				54442C6F2E378BDD008A870E /* App */,
				54442C782E378BE0008A870E /* QLPreview */,
				54AE5BFE2EB3DB1000B4CFC7 /* QLThumbnail */,
				54442C212E378BAF008A870E /* Frameworks */,
				54442BF52E378B71008A870E /* Products */,
			);
			sourceTree = "<group>";
		};
		54442BF52E378B71008A870E /* Products */ = {
			isa = PBXGroup;
			children = (
				54442BF42E378B71008A870E /* QLAppBundle (debug).app */,
				54442C202E378BAF008A870E /* QLPreview.appex */,
				54581FCF2EB29A0B0043A0B3 /* QLThumbnail.appex */,
			);
			name = Products;
			sourceTree = "<group>";
		};
		54442C212E378BAF008A870E /* Frameworks */ = {
			isa = PBXGroup;
			children = (
				543FE5772EB3DAA20059F98B /* Foundation.framework */,
				54E087572EB148E700979D91 /* WebKit.framework */,
				54E087552EB148DF00979D91 /* Security.framework */,
				54E087532EB148DB00979D91 /* QuickLook.framework */,
				54E087512EB148B700979D91 /* libz.tbd */,
				54E0874E2EB1489100979D91 /* CoreFoundation.framework */,
				54E0874C2EB1488300979D91 /* ApplicationServices.framework */,
				5485EE362EB1460C009E3905 /* Network.framework */,
				54D3A6FF2EA465C4001EF4F6 /* AppKit.framework */,
				54D3A6FC2EA465A9001EF4F6 /* CoreServices.framework */,
				54D3A6FA2EA46588001EF4F6 /* CoreGraphics.framework */,
				54442C222E378BAF008A870E /* Quartz.framework */,
				54581FD02EB29A0B0043A0B3 /* QuickLookThumbnailing.framework */,
			);
			name = Frameworks;
			sourceTree = "<group>";
		};
		54442C6F2E378BDD008A870E /* App */ = {
			isa = PBXGroup;
			children = (
				543FE5752EB3BC740059F98B /* Info.plist */,
				54442C6E2E378BDD008A870E /* App.entitlements */,
				54442C6A2E378BDD008A870E /* AppDelegate.swift */,
				54442C6D2E378BDD008A870E /* MainMenu.xib */,
			);
			path = App;
			sourceTree = "<group>";
		};
		54442C782E378BE0008A870E /* QLPreview */ = {
			isa = PBXGroup;
			children = (
				54442C732E378BE0008A870E /* Info.plist */,
				54442C772E378BE0008A870E /* QLPreview.entitlements */,
				54442C742E378BE0008A870E /* PreviewViewController.swift */,
				54442C762E378BE0008A870E /* PreviewViewController.xib */,
			);
			path = QLPreview;
			sourceTree = "<group>";
		};
		54AE5BFE2EB3DB1000B4CFC7 /* QLThumbnail */ = {
			isa = PBXGroup;
			children = (
				54AE5BFB2EB3DB1000B4CFC7 /* Info.plist */,
				54AE5BFC2EB3DB1000B4CFC7 /* QLThumbnail.entitlements */,
				54AE5BFD2EB3DB1000B4CFC7 /* ThumbnailProvider.swift */,
			);
			path = QLThumbnail;
			sourceTree = "<group>";
		};
		54D3A6F42EA46069001EF4F6 /* resources */ = {
			isa = PBXGroup;
			children = (
				543FE5732EB3BB5E0059F98B /* AppIcon.icns */,
				54D3A6F22EA4603B001EF4F6 /* defaultIcon.png */,
				54D3A6F32EA4603B001EF4F6 /* template.html */,
				54E087592EB15DD000979D91 /* style.css */,
			);
			path = resources;
			sourceTree = "<group>";
		};
		54D3A6F62EA4610B001EF4F6 /* PrivateFrameworks */ = {
			isa = PBXGroup;
			children = (
				54D3A6F52EA4610B001EF4F6 /* CoreUI.framework */,
			);
			path = PrivateFrameworks;
			sourceTree = "<group>";
		};
/* End PBXGroup section */

/* Begin PBXNativeTarget section */
		54442BF32E378B71008A870E /* QLAppBundle */ = {
			isa = PBXNativeTarget;
			buildConfigurationList = 54442C012E378B71008A870E /* Build configuration list for PBXNativeTarget "QLAppBundle" */;
			buildPhases = (
				54442BF02E378B71008A870E /* Sources */,
				54442BF12E378B71008A870E /* Frameworks */,
				54442BF22E378B71008A870E /* Resources */,
				54442C312E378BAF008A870E /* Embed Foundation Extensions */,
			);
			buildRules = (
			);
			dependencies = (
				54442C2F2E378BAF008A870E /* PBXTargetDependency */,
				54581FD92EB29A0B0043A0B3 /* PBXTargetDependency */,
			);
			name = QLAppBundle;
			packageProductDependencies = (
			);
			productName = QLApps;
			productReference = 54442BF42E378B71008A870E /* QLAppBundle (debug).app */;
			productType = "com.apple.product-type.application";
		};
		54442C1F2E378BAF008A870E /* QLPreview */ = {
			isa = PBXNativeTarget;
			buildConfigurationList = 54442C352E378BAF008A870E /* Build configuration list for PBXNativeTarget "QLPreview" */;
			buildPhases = (
				54442C1C2E378BAF008A870E /* Sources */,
				54442C1D2E378BAF008A870E /* Frameworks */,
				54442C1E2E378BAF008A870E /* Resources */,
			);
			buildRules = (
			);
			dependencies = (
			);
			name = QLPreview;
			packageProductDependencies = (
			);
			productName = QLPreview;
			productReference = 54442C202E378BAF008A870E /* QLPreview.appex */;
			productType = "com.apple.product-type.app-extension";
		};
		54581FCE2EB29A0B0043A0B3 /* QLThumbnail */ = {
			isa = PBXNativeTarget;
			buildConfigurationList = 54581FDE2EB29A0B0043A0B3 /* Build configuration list for PBXNativeTarget "QLThumbnail" */;
			buildPhases = (
				54581FCB2EB29A0B0043A0B3 /* Sources */,
				54581FCC2EB29A0B0043A0B3 /* Frameworks */,
				54581FCD2EB29A0B0043A0B3 /* Resources */,
			);
			buildRules = (
			);
			dependencies = (
			);
			name = QLThumbnail;
			packageProductDependencies = (
			);
			productName = QLThumbnail;
			productReference = 54581FCF2EB29A0B0043A0B3 /* QLThumbnail.appex */;
			productType = "com.apple.product-type.app-extension";
		};
/* End PBXNativeTarget section */

/* Begin PBXProject section */
		54442BEC2E378B71008A870E /* Project object */ = {
			isa = PBXProject;
			attributes = {
				BuildIndependentTargetsInParallel = 1;
				LastSwiftUpdateCheck = 1640;
				LastUpgradeCheck = 1640;
				TargetAttributes = {
					54442BF32E378B71008A870E = {
						CreatedOnToolsVersion = 16.4;
					};
					54442C1F2E378BAF008A870E = {
						CreatedOnToolsVersion = 16.4;
					};
					54581FCE2EB29A0B0043A0B3 = {
						CreatedOnToolsVersion = 16.4;
					};
				};
			};
			buildConfigurationList = 54442BEF2E378B71008A870E /* Build configuration list for PBXProject "QLAppBundle" */;
			developmentRegion = en;
			hasScannedForEncodings = 0;
			knownRegions = (
				en,
				Base,
			);
			mainGroup = 54442BEB2E378B71008A870E;
			minimizedProjectReferenceProxies = 1;
			preferredProjectObjectVersion = 77;
			productRefGroup = 54442BF52E378B71008A870E /* Products */;
			projectDirPath = "";
			projectRoot = "";
			targets = (
				54442BF32E378B71008A870E /* QLAppBundle */,
				54442C1F2E378BAF008A870E /* QLPreview */,
				54581FCE2EB29A0B0043A0B3 /* QLThumbnail */,
			);
		};
/* End PBXProject section */

/* Begin PBXResourcesBuildPhase section */
		54442BF22E378B71008A870E /* Resources */ = {
			isa = PBXResourcesBuildPhase;
			buildActionMask = 2147483647;
			files = (
				54442C722E378BDD008A870E /* MainMenu.xib in Resources */,
				543FE5742EB3BB5E0059F98B /* AppIcon.icns in Resources */,
			);
			runOnlyForDeploymentPostprocessing = 0;
		};
		54442C1E2E378BAF008A870E /* Resources */ = {
			isa = PBXResourcesBuildPhase;
			buildActionMask = 2147483647;
			files = (
				54E0875A2EB15DD000979D91 /* style.css in Resources */,
				545459C42EA469E4002892E5 /* defaultIcon.png in Resources */,
				545459C52EA469EA002892E5 /* template.html in Resources */,
				54442C7B2E378BE0008A870E /* PreviewViewController.xib in Resources */,
			);
			runOnlyForDeploymentPostprocessing = 0;
		};
		54581FCD2EB29A0B0043A0B3 /* Resources */ = {
			isa = PBXResourcesBuildPhase;
			buildActionMask = 2147483647;
			files = (
				545820232EB29B4C0043A0B3 /* defaultIcon.png in Resources */,
			);
			runOnlyForDeploymentPostprocessing = 0;
		};
/* End PBXResourcesBuildPhase section */

/* Begin PBXSourcesBuildPhase section */
		54442BF02E378B71008A870E /* Sources */ = {
			isa = PBXSourcesBuildPhase;
			buildActionMask = 2147483647;
			files = (
				54442C702E378BDD008A870E /* AppDelegate.swift in Sources */,
			);
			runOnlyForDeploymentPostprocessing = 0;
		};
		54442C1C2E378BAF008A870E /* Sources */ = {
			isa = PBXSourcesBuildPhase;
			buildActionMask = 2147483647;
			files = (
				54D3A6F02EA3F49F001EF4F6 /* NSBezierPath+RoundedRect.swift in Sources */,
				547F52E42EB2C3D8002B6D5F /* Html+iTunesPurchase.swift in Sources */,
				547F52F72EB2CAC7002B6D5F /* Html+Footer.swift in Sources */,
				5469E11D2EA5930C00D46CE7 /* Entitlements.swift in Sources */,
				54442C792E378BE0008A870E /* PreviewViewController.swift in Sources */,
				547F52EF2EB2C8E8002B6D5F /* Html+Provisioning.swift in Sources */,
				547F52DE2EB2C15D002B6D5F /* ExpirationStatus.swift in Sources */,
				54D3A6EE2EA39CC6001EF4F6 /* AppIcon.swift in Sources */,
				547F52E82EB2C41C002B6D5F /* HtmlGenerator.swift in Sources */,
				547F52EB2EB2C672002B6D5F /* Html+FileInfo.swift in Sources */,
				547F52ED2EB2C822002B6D5F /* Html+AppInfo.swift in Sources */,
				547F52F42EB2CA05002B6D5F /* Html+Entitlements.swift in Sources */,
				5405CF5E2EA1199B00613856 /* MetaInfo.swift in Sources */,
				547F52F92EB2CBAB002B6D5F /* Date+Format.swift in Sources */,
				54D3A6EC2EA31B52001EF4F6 /* AppCategories.swift in Sources */,
				5405CF652EA1376B00613856 /* Zip.swift in Sources */,
				547899762EB38FD400F96B80 /* AppIcon+Car.swift in Sources */,
			);
			runOnlyForDeploymentPostprocessing = 0;
		};
		54581FCB2EB29A0B0043A0B3 /* Sources */ = {
			isa = PBXSourcesBuildPhase;
			buildActionMask = 2147483647;
			files = (
				547899712EB38F3D00F96B80 /* Zip.swift in Sources */,
				547899722EB38F3D00F96B80 /* MetaInfo.swift in Sources */,
				547899732EB38F3D00F96B80 /* NSBezierPath+RoundedRect.swift in Sources */,
				54AE5BFF2EB3DB1000B4CFC7 /* ThumbnailProvider.swift in Sources */,
				547899752EB38F3D00F96B80 /* AppIcon.swift in Sources */,
				547899772EB38FD400F96B80 /* AppIcon+Car.swift in Sources */,
			);
			runOnlyForDeploymentPostprocessing = 0;
		};
/* End PBXSourcesBuildPhase section */

/* Begin PBXTargetDependency section */
		54442C2F2E378BAF008A870E /* PBXTargetDependency */ = {
			isa = PBXTargetDependency;
			target = 54442C1F2E378BAF008A870E /* QLPreview */;
			targetProxy = 54442C2E2E378BAF008A870E /* PBXContainerItemProxy */;
		};
		54581FD92EB29A0B0043A0B3 /* PBXTargetDependency */ = {
			isa = PBXTargetDependency;
			target = 54581FCE2EB29A0B0043A0B3 /* QLThumbnail */;
			targetProxy = 54581FD82EB29A0B0043A0B3 /* PBXContainerItemProxy */;
		};
/* End PBXTargetDependency section */

/* Begin PBXVariantGroup section */
		54442C6D2E378BDD008A870E /* MainMenu.xib */ = {
			isa = PBXVariantGroup;
			children = (
				54442C6C2E378BDD008A870E /* Base */,
			);
			name = MainMenu.xib;
			sourceTree = "<group>";
		};
		54442C762E378BE0008A870E /* PreviewViewController.xib */ = {
			isa = PBXVariantGroup;
			children = (
				54442C752E378BE0008A870E /* Base */,
			);
			name = PreviewViewController.xib;
			sourceTree = "<group>";
		};
/* End PBXVariantGroup section */

/* Begin XCBuildConfiguration section */
		54442BFF2E378B71008A870E /* Debug */ = {
			isa = XCBuildConfiguration;
			buildSettings = {
				ALWAYS_SEARCH_USER_PATHS = NO;
				ASSETCATALOG_COMPILER_GENERATE_SWIFT_ASSET_SYMBOL_EXTENSIONS = YES;
				CLANG_ANALYZER_NONNULL = YES;
				CLANG_ANALYZER_NUMBER_OBJECT_CONVERSION = YES_AGGRESSIVE;
				CLANG_CXX_LANGUAGE_STANDARD = "gnu++20";
				CLANG_ENABLE_MODULES = YES;
				CLANG_ENABLE_OBJC_ARC = YES;
				CLANG_ENABLE_OBJC_WEAK = YES;
				CLANG_WARN_BLOCK_CAPTURE_AUTORELEASING = YES;
				CLANG_WARN_BOOL_CONVERSION = YES;
				CLANG_WARN_COMMA = YES;
				CLANG_WARN_CONSTANT_CONVERSION = YES;
				CLANG_WARN_DEPRECATED_OBJC_IMPLEMENTATIONS = YES;
				CLANG_WARN_DIRECT_OBJC_ISA_USAGE = YES_ERROR;
				CLANG_WARN_DOCUMENTATION_COMMENTS = YES;
				CLANG_WARN_EMPTY_BODY = YES;
				CLANG_WARN_ENUM_CONVERSION = YES;
				CLANG_WARN_INFINITE_RECURSION = YES;
				CLANG_WARN_INT_CONVERSION = YES;
				CLANG_WARN_NON_LITERAL_NULL_CONVERSION = YES;
				CLANG_WARN_OBJC_IMPLICIT_RETAIN_SELF = YES;
				CLANG_WARN_OBJC_LITERAL_CONVERSION = YES;
				CLANG_WARN_OBJC_ROOT_CLASS = YES_ERROR;
				CLANG_WARN_QUOTED_INCLUDE_IN_FRAMEWORK_HEADER = YES;
				CLANG_WARN_RANGE_LOOP_ANALYSIS = YES;
				CLANG_WARN_STRICT_PROTOTYPES = YES;
				CLANG_WARN_SUSPICIOUS_MOVE = YES;
				CLANG_WARN_UNGUARDED_AVAILABILITY = YES_AGGRESSIVE;
				CLANG_WARN_UNREACHABLE_CODE = YES;
				CLANG_WARN__DUPLICATE_METHOD_MATCH = YES;
				COPY_PHASE_STRIP = NO;
				CURRENT_PROJECT_VERSION = 1086;
				DEBUG_INFORMATION_FORMAT = dwarf;
				DEVELOPMENT_TEAM = UY657LKNHJ;
				ENABLE_STRICT_OBJC_MSGSEND = YES;
				ENABLE_TESTABILITY = YES;
				ENABLE_USER_SCRIPT_SANDBOXING = YES;
				FRAMEWORK_SEARCH_PATHS = "$(PROJECT_DIR)/PrivateFrameworks";
				GCC_C_LANGUAGE_STANDARD = gnu17;
				GCC_DYNAMIC_NO_PIC = NO;
				GCC_NO_COMMON_BLOCKS = YES;
				GCC_OPTIMIZATION_LEVEL = 0;
				GCC_PREPROCESSOR_DEFINITIONS = (
					"DEBUG=1",
					"$(inherited)",
				);
				GCC_WARN_64_TO_32_BIT_CONVERSION = YES;
				GCC_WARN_ABOUT_RETURN_TYPE = YES_ERROR;
				GCC_WARN_UNDECLARED_SELECTOR = YES;
				GCC_WARN_UNINITIALIZED_AUTOS = YES_AGGRESSIVE;
				GCC_WARN_UNUSED_FUNCTION = YES;
				GCC_WARN_UNUSED_VARIABLE = YES;
				LOCALIZATION_PREFERS_STRING_CATALOGS = YES;
				MACOSX_DEPLOYMENT_TARGET = 10.15;
				MARKETING_VERSION = 1.0.0;
				MTL_ENABLE_DEBUG_INFO = INCLUDE_SOURCE;
				MTL_FAST_MATH = YES;
				ONLY_ACTIVE_ARCH = YES;
				PRODUCT_BUNDLE_IDENTIFIER = de.relikd.QLAppBundle.debug;
				SDKROOT = macosx;
				SWIFT_ACTIVE_COMPILATION_CONDITIONS = "DEBUG $(inherited)";
				SWIFT_INCLUDE_PATHS = "$(SRCROOT)/PrivateFrameworks/CoreUI.framework";
				SWIFT_OPTIMIZATION_LEVEL = "-Onone";
				SYSTEM_FRAMEWORK_SEARCH_PATHS = "$(SYSTEM_LIBRARY_DIR)/PrivateFrameworks";
			};
			name = Debug;
		};
		54442C002E378B71008A870E /* Release */ = {
			isa = XCBuildConfiguration;
			buildSettings = {
				ALWAYS_SEARCH_USER_PATHS = NO;
				ASSETCATALOG_COMPILER_GENERATE_SWIFT_ASSET_SYMBOL_EXTENSIONS = YES;
				CLANG_ANALYZER_NONNULL = YES;
				CLANG_ANALYZER_NUMBER_OBJECT_CONVERSION = YES_AGGRESSIVE;
				CLANG_CXX_LANGUAGE_STANDARD = "gnu++20";
				CLANG_ENABLE_MODULES = YES;
				CLANG_ENABLE_OBJC_ARC = YES;
				CLANG_ENABLE_OBJC_WEAK = YES;
				CLANG_WARN_BLOCK_CAPTURE_AUTORELEASING = YES;
				CLANG_WARN_BOOL_CONVERSION = YES;
				CLANG_WARN_COMMA = YES;
				CLANG_WARN_CONSTANT_CONVERSION = YES;
				CLANG_WARN_DEPRECATED_OBJC_IMPLEMENTATIONS = YES;
				CLANG_WARN_DIRECT_OBJC_ISA_USAGE = YES_ERROR;
				CLANG_WARN_DOCUMENTATION_COMMENTS = YES;
				CLANG_WARN_EMPTY_BODY = YES;
				CLANG_WARN_ENUM_CONVERSION = YES;
				CLANG_WARN_INFINITE_RECURSION = YES;
				CLANG_WARN_INT_CONVERSION = YES;
				CLANG_WARN_NON_LITERAL_NULL_CONVERSION = YES;
				CLANG_WARN_OBJC_IMPLICIT_RETAIN_SELF = YES;
				CLANG_WARN_OBJC_LITERAL_CONVERSION = YES;
				CLANG_WARN_OBJC_ROOT_CLASS = YES_ERROR;
				CLANG_WARN_QUOTED_INCLUDE_IN_FRAMEWORK_HEADER = YES;
				CLANG_WARN_RANGE_LOOP_ANALYSIS = YES;
				CLANG_WARN_STRICT_PROTOTYPES = YES;
				CLANG_WARN_SUSPICIOUS_MOVE = YES;
				CLANG_WARN_UNGUARDED_AVAILABILITY = YES_AGGRESSIVE;
				CLANG_WARN_UNREACHABLE_CODE = YES;
				CLANG_WARN__DUPLICATE_METHOD_MATCH = YES;
				COPY_PHASE_STRIP = NO;
				CURRENT_PROJECT_VERSION = 1086;
				DEBUG_INFORMATION_FORMAT = "dwarf-with-dsym";
				DEVELOPMENT_TEAM = UY657LKNHJ;
				ENABLE_NS_ASSERTIONS = NO;
				ENABLE_STRICT_OBJC_MSGSEND = YES;
				ENABLE_USER_SCRIPT_SANDBOXING = YES;
				FRAMEWORK_SEARCH_PATHS = "$(PROJECT_DIR)/PrivateFrameworks";
				GCC_C_LANGUAGE_STANDARD = gnu17;
				GCC_NO_COMMON_BLOCKS = YES;
				GCC_PREPROCESSOR_DEFINITIONS = "";
				GCC_WARN_64_TO_32_BIT_CONVERSION = YES;
				GCC_WARN_ABOUT_RETURN_TYPE = YES_ERROR;
				GCC_WARN_UNDECLARED_SELECTOR = YES;
				GCC_WARN_UNINITIALIZED_AUTOS = YES_AGGRESSIVE;
				GCC_WARN_UNUSED_FUNCTION = YES;
				GCC_WARN_UNUSED_VARIABLE = YES;
				LOCALIZATION_PREFERS_STRING_CATALOGS = YES;
				MACOSX_DEPLOYMENT_TARGET = 10.15;
				MARKETING_VERSION = 1.0.0;
				MTL_ENABLE_DEBUG_INFO = NO;
				MTL_FAST_MATH = YES;
				PRODUCT_BUNDLE_IDENTIFIER = de.relikd.QLAppBundle;
				SDKROOT = macosx;
				SWIFT_COMPILATION_MODE = wholemodule;
				SWIFT_INCLUDE_PATHS = "$(SRCROOT)/PrivateFrameworks/CoreUI.framework";
				SYSTEM_FRAMEWORK_SEARCH_PATHS = "$(SYSTEM_LIBRARY_DIR)/PrivateFrameworks";
			};
			name = Release;
		};
		54442C022E378B71008A870E /* Debug */ = {
			isa = XCBuildConfiguration;
			buildSettings = {
				CODE_SIGN_ENTITLEMENTS = App/App.entitlements;
				"CODE_SIGN_IDENTITY[sdk=macosx*]" = "Apple Development";
				CODE_SIGN_STYLE = Manual;
				COMBINE_HIDPI_IMAGES = YES;
				DEVELOPMENT_TEAM = "";
				"DEVELOPMENT_TEAM[sdk=macosx*]" = UY657LKNHJ;
				ENABLE_HARDENED_RUNTIME = YES;
				GENERATE_INFOPLIST_FILE = YES;
				INFOPLIST_FILE = App/Info.plist;
				INFOPLIST_KEY_NSHumanReadableCopyright = "";
				INFOPLIST_KEY_NSMainNibFile = MainMenu;
				INFOPLIST_KEY_NSPrincipalClass = NSApplication;
				LD_RUNPATH_SEARCH_PATHS = (
					"$(inherited)",
					"@executable_path/../Frameworks",
				);
				PRODUCT_BUNDLE_IDENTIFIER = "$(inherited)";
				PRODUCT_NAME = "$(TARGET_NAME) (debug)";
				PROVISIONING_PROFILE_SPECIFIER = "";
				REGISTER_APP_GROUPS = YES;
				SWIFT_EMIT_LOC_STRINGS = YES;
				SWIFT_VERSION = 5.0;
			};
			name = Debug;
		};
		54442C032E378B71008A870E /* Release */ = {
			isa = XCBuildConfiguration;
			buildSettings = {
				CODE_SIGN_ENTITLEMENTS = App/App.entitlements;
				"CODE_SIGN_IDENTITY[sdk=macosx*]" = "Apple Development";
				CODE_SIGN_STYLE = Manual;
				COMBINE_HIDPI_IMAGES = YES;
				DEVELOPMENT_TEAM = "";
				"DEVELOPMENT_TEAM[sdk=macosx*]" = UY657LKNHJ;
				ENABLE_HARDENED_RUNTIME = YES;
				GENERATE_INFOPLIST_FILE = YES;
				INFOPLIST_FILE = App/Info.plist;
				INFOPLIST_KEY_NSHumanReadableCopyright = "";
				INFOPLIST_KEY_NSMainNibFile = MainMenu;
				INFOPLIST_KEY_NSPrincipalClass = NSApplication;
				LD_RUNPATH_SEARCH_PATHS = (
					"$(inherited)",
					"@executable_path/../Frameworks",
				);
				PRODUCT_BUNDLE_IDENTIFIER = "$(inherited)";
				PRODUCT_NAME = "$(TARGET_NAME)";
				PROVISIONING_PROFILE_SPECIFIER = "";
				REGISTER_APP_GROUPS = YES;
				SWIFT_EMIT_LOC_STRINGS = YES;
				SWIFT_VERSION = 5.0;
			};
			name = Release;
		};
		54442C322E378BAF008A870E /* Debug */ = {
			isa = XCBuildConfiguration;
			buildSettings = {
				CODE_SIGN_ENTITLEMENTS = QLPreview/QLPreview.entitlements;
				CODE_SIGN_STYLE = Manual;
				DEVELOPMENT_TEAM = "";
				"DEVELOPMENT_TEAM[sdk=macosx*]" = UY657LKNHJ;
				ENABLE_HARDENED_RUNTIME = YES;
				GENERATE_INFOPLIST_FILE = YES;
				INFOPLIST_FILE = QLPreview/Info.plist;
				INFOPLIST_KEY_CFBundleDisplayName = QLPreview;
				INFOPLIST_KEY_NSHumanReadableCopyright = "";
				LD_RUNPATH_SEARCH_PATHS = (
					"$(inherited)",
					"@executable_path/../Frameworks",
					"@executable_path/../../../../Frameworks",
				);
				PRODUCT_BUNDLE_IDENTIFIER = "$(inherited).QLPreview";
				PRODUCT_NAME = "$(TARGET_NAME)";
				PROVISIONING_PROFILE_SPECIFIER = "";
				SKIP_INSTALL = YES;
				SWIFT_EMIT_LOC_STRINGS = YES;
				SWIFT_VERSION = 5.0;
			};
			name = Debug;
		};
		54442C332E378BAF008A870E /* Release */ = {
			isa = XCBuildConfiguration;
			buildSettings = {
				CODE_SIGN_ENTITLEMENTS = QLPreview/QLPreview.entitlements;
				CODE_SIGN_STYLE = Manual;
				DEVELOPMENT_TEAM = "";
				"DEVELOPMENT_TEAM[sdk=macosx*]" = UY657LKNHJ;
				ENABLE_HARDENED_RUNTIME = YES;
				GENERATE_INFOPLIST_FILE = YES;
				INFOPLIST_FILE = QLPreview/Info.plist;
				INFOPLIST_KEY_CFBundleDisplayName = QLPreview;
				INFOPLIST_KEY_NSHumanReadableCopyright = "";
				LD_RUNPATH_SEARCH_PATHS = (
					"$(inherited)",
					"@executable_path/../Frameworks",
					"@executable_path/../../../../Frameworks",
				);
				PRODUCT_BUNDLE_IDENTIFIER = "$(inherited).QLPreview";
				PRODUCT_NAME = "$(TARGET_NAME)";
				PROVISIONING_PROFILE_SPECIFIER = "";
				SKIP_INSTALL = YES;
				SWIFT_EMIT_LOC_STRINGS = YES;
				SWIFT_VERSION = 5.0;
			};
			name = Release;
		};
		54581FDB2EB29A0B0043A0B3 /* Debug */ = {
			isa = XCBuildConfiguration;
			buildSettings = {
				CODE_SIGN_ENTITLEMENTS = QLThumbnail/QLThumbnail.entitlements;
				CODE_SIGN_STYLE = Manual;
				DEVELOPMENT_TEAM = "";
				"DEVELOPMENT_TEAM[sdk=macosx*]" = UY657LKNHJ;
				ENABLE_HARDENED_RUNTIME = YES;
				GENERATE_INFOPLIST_FILE = YES;
				INFOPLIST_FILE = QLThumbnail/Info.plist;
				INFOPLIST_KEY_CFBundleDisplayName = QLThumbnail;
				INFOPLIST_KEY_NSHumanReadableCopyright = "";
				LD_RUNPATH_SEARCH_PATHS = (
					"$(inherited)",
					"@executable_path/../Frameworks",
					"@executable_path/../../../../Frameworks",
				);
				PRODUCT_BUNDLE_IDENTIFIER = "$(inherited).QLThumbnail";
				PRODUCT_NAME = "$(TARGET_NAME)";
				PROVISIONING_PROFILE_SPECIFIER = "";
				SKIP_INSTALL = YES;
				SWIFT_EMIT_LOC_STRINGS = YES;
				SWIFT_VERSION = 5.0;
			};
			name = Debug;
		};
		54581FDC2EB29A0B0043A0B3 /* Release */ = {
			isa = XCBuildConfiguration;
			buildSettings = {
				CODE_SIGN_ENTITLEMENTS = QLThumbnail/QLThumbnail.entitlements;
				CODE_SIGN_STYLE = Manual;
				DEVELOPMENT_TEAM = "";
				"DEVELOPMENT_TEAM[sdk=macosx*]" = UY657LKNHJ;
				ENABLE_HARDENED_RUNTIME = YES;
				GENERATE_INFOPLIST_FILE = YES;
				INFOPLIST_FILE = QLThumbnail/Info.plist;
				INFOPLIST_KEY_CFBundleDisplayName = QLThumbnail;
				INFOPLIST_KEY_NSHumanReadableCopyright = "";
				LD_RUNPATH_SEARCH_PATHS = (
					"$(inherited)",
					"@executable_path/../Frameworks",
					"@executable_path/../../../../Frameworks",
				);
				PRODUCT_BUNDLE_IDENTIFIER = "$(inherited).QLThumbnail";
				PRODUCT_NAME = "$(TARGET_NAME)";
				PROVISIONING_PROFILE_SPECIFIER = "";
				SKIP_INSTALL = YES;
				SWIFT_EMIT_LOC_STRINGS = YES;
				SWIFT_VERSION = 5.0;
			};
			name = Release;
		};
/* End XCBuildConfiguration section */

/* Begin XCConfigurationList section */
		54442BEF2E378B71008A870E /* Build configuration list for PBXProject "QLAppBundle" */ = {
			isa = XCConfigurationList;
			buildConfigurations = (
				54442BFF2E378B71008A870E /* Debug */,
				54442C002E378B71008A870E /* Release */,
			);
			defaultConfigurationIsVisible = 0;
			defaultConfigurationName = Release;
		};
		54442C012E378B71008A870E /* Build configuration list for PBXNativeTarget "QLAppBundle" */ = {
			isa = XCConfigurationList;
			buildConfigurations = (
				54442C022E378B71008A870E /* Debug */,
				54442C032E378B71008A870E /* Release */,
			);
			defaultConfigurationIsVisible = 0;
			defaultConfigurationName = Release;
		};
		54442C352E378BAF008A870E /* Build configuration list for PBXNativeTarget "QLPreview" */ = {
			isa = XCConfigurationList;
			buildConfigurations = (
				54442C322E378BAF008A870E /* Debug */,
				54442C332E378BAF008A870E /* Release */,
			);
			defaultConfigurationIsVisible = 0;
			defaultConfigurationName = Release;
		};
		54581FDE2EB29A0B0043A0B3 /* Build configuration list for PBXNativeTarget "QLThumbnail" */ = {
			isa = XCConfigurationList;
			buildConfigurations = (
				54581FDB2EB29A0B0043A0B3 /* Debug */,
				54581FDC2EB29A0B0043A0B3 /* Release */,
			);
			defaultConfigurationIsVisible = 0;
			defaultConfigurationName = Release;
		};
/* End XCConfigurationList section */
	};
	rootObject = 54442BEC2E378B71008A870E /* Project object */;
}
