{
  "originHash" : "c869761611793a3eebb4e2f56e7aebab4faa8db4159e6116b059292c98af7094",
  "pins" : [
    {
      "identity" : "androidxml",
      "kind" : "remoteSourceControl",
      "location" : "https://github.com/relikd/AndroidXML",
      "state" : {
        "revision" : "d9fe646bcc3b05548aebbd20b4eee0af675c129f",
        "version" : "0.9.4"
      }
    }
  ],
  "version" : 3
}
